
Microsoft Visual Studio Solution File, Format Version 12.00
# Visual Studio 2013
VisualStudioVersion = 12.0.31101.0
MinimumVisualStudioVersion = 10.0.40219.1
Project("{8BC9CEB8-8B4A-11D0-8D11-00A0C91BC942}") = "algorithm", "algorithm\algorithm.vcxproj", "{2418A77F-710B-4D0A-A8F1-C5A4E8E58DD2}"
	ProjectSection(ProjectDependencies) = postProject
		{B42F206A-C12F-445A-A110-5BFFF387A707} = {B42F206A-C12F-445A-A110-5BFFF387A707}
	EndProjectSection
EndProject
Project("{8BC9CEB8-8B4A-11D0-8D11-00A0C91BC942}") = "base", "base\base.vcxproj", "{B42F206A-C12F-445A-A110-5BFFF387A707}"
EndProject
Project("{8BC9CEB8-8B4A-11D0-8D11-00A0C91BC942}") = "fileclasses", "fileclasses\fileclasses.vcxproj", "{8FC1F84F-ED9C-41C0-85B7-4523E47EC87F}"
EndProject
Project("{8BC9CEB8-8B4A-11D0-8D11-00A0C91BC942}") = "imageclasses", "imageclasses\imageclasses.vcxproj", "{04432F24-6D28-45BE-A004-9179172F98F2}"
EndProject
Project("{8BC9CEB8-8B4A-11D0-8D11-00A0C91BC942}") = "pkinfo", "pkinfo\pkinfo.vcxproj", "{96523E32-4956-4BD7-8A74-1B4EA4ED2327}"
EndProject
Project("{8BC9CEB8-8B4A-11D0-8D11-00A0C91BC942}") = "pkcrop", "pkcrop\pkcrop.vcxproj", "{EA430508-A3E7-47D2-BA7C-C6F1D68CFBB3}"
EndProject
Project("{8BC9CEB8-8B4A-11D0-8D11-00A0C91BC942}") = "pkfilter", "pkfilter\pkfilter.vcxproj", "{A744F240-F78A-47E5-BD45-0B3267ACA149}"
EndProject
Project("{8BC9CEB8-8B4A-11D0-8D11-00A0C91BC942}") = "pkextract", "pkextract\pkextract.vcxproj", "{A1CE2C8C-542F-4D48-9D66-F2B685F83A5B}"
EndProject
Project("{8BC9CEB8-8B4A-11D0-8D11-00A0C91BC942}") = "pkstatogr", "pkstatogr\pkstatogr.vcxproj", "{2F35CE42-4CE0-47C5-8096-CDFD4D6F7FC6}"
EndProject
Project("{8BC9CEB8-8B4A-11D0-8D11-00A0C91BC942}") = "pkstatascii", "pkstatascii\pkstatascii.vcxproj", "{E13DF120-ECCC-4645-8393-79C9C21CA467}"
EndProject
Project("{8BC9CEB8-8B4A-11D0-8D11-00A0C91BC942}") = "pkascii2img", "pkascii2img\pkascii2img.vcxproj", "{77F9242C-2D65-4D78-AA75-5E6B436D51B0}"
EndProject
Project("{8BC9CEB8-8B4A-11D0-8D11-00A0C91BC942}") = "pkdsm2shadow", "pkdsm2shadow\pkdsm2shadow.vcxproj", "{24535ED7-4D0C-40D8-8B56-168FC6ACD72F}"
EndProject
Project("{8BC9CEB8-8B4A-11D0-8D11-00A0C91BC942}") = "pkdumpimg", "pkdumpimg\pkdumpimg.vcxproj", "{E69D43C5-4160-48A6-B0CC-F34A90873462}"
EndProject
Project("{8BC9CEB8-8B4A-11D0-8D11-00A0C91BC942}") = "pkegcs", "pkegcs\pkegcs.vcxproj", "{FFE914EC-932A-4285-BF65-9018BDFFFA3C}"
EndProject
Project("{8BC9CEB8-8B4A-11D0-8D11-00A0C91BC942}") = "pkfillnodata", "pkfillnodata\pkfillnodata.vcxproj", "{B56FF48E-B6AF-4328-ADAA-AC96CA684E0F}"
EndProject
Project("{8BC9CEB8-8B4A-11D0-8D11-00A0C91BC942}") = "pkfilterdem", "pkfilterdem\pkfilterdem.vcxproj", "{85867AB6-DF6D-454D-8819-B3FEE50933FC}"
EndProject
Project("{8BC9CEB8-8B4A-11D0-8D11-00A0C91BC942}") = "pkgetmask", "pkgetmask\pkgetmask.vcxproj", "{5BB6D1CE-E9B8-48DC-8073-05C6AE21A9E0}"
EndProject
Project("{8BC9CEB8-8B4A-11D0-8D11-00A0C91BC942}") = "pkpolygonize", "pkpolygonize\pkpolygonize.vcxproj", "{F12B8AA7-3220-4C3A-9BF3-64F5D4289B64}"
EndProject
Project("{8BC9CEB8-8B4A-11D0-8D11-00A0C91BC942}") = "pkreclass", "pkreclass\pkreclass.vcxproj", "{A7CBE73A-BCD4-453B-8ADD-DA32B0D0DE7D}"
EndProject
Project("{8BC9CEB8-8B4A-11D0-8D11-00A0C91BC942}") = "pksetmask", "pksetmask\pksetmask.vcxproj", "{59CB1D22-A85F-4CC2-81C6-BF63458377DC}"
EndProject
Project("{8BC9CEB8-8B4A-11D0-8D11-00A0C91BC942}") = "pksieve", "pksieve\pksieve.vcxproj", "{927E4BB8-843F-4BD2-83D2-58E8BDEB1A92}"
EndProject
Project("{8BC9CEB8-8B4A-11D0-8D11-00A0C91BC942}") = "pkcreatect", "pkcreatect\pkcreatect.vcxproj", "{54D4CD8F-2B32-41D5-819B-EEB530F52C68}"
EndProject
Project("{8BC9CEB8-8B4A-11D0-8D11-00A0C91BC942}") = "pkfilterascii", "pkfilterascii\pkfilterascii.vcxproj", "{6EB6E7C6-AC53-4E4E-BC4D-B11EF27CA17F}"
EndProject
Project("{8BC9CEB8-8B4A-11D0-8D11-00A0C91BC942}") = "pkann", "pkann\pkann.vcxproj", "{B142EA1B-E10F-4A67-AFF7-636A5248A791}"
EndProject
Project("{8BC9CEB8-8B4A-11D0-8D11-00A0C91BC942}") = "pkoptsvm", "pkoptsvm\pkoptsvm.vcxproj", "{0E0310AD-2E45-4172-9896-0B738D0A7627}"
EndProject
Project("{8BC9CEB8-8B4A-11D0-8D11-00A0C91BC942}") = "pkregann", "pkregann\pkregann.vcxproj", "{EA04A8B9-575E-4E7B-87FF-A9CA1DAA2BEF}"
EndProject
Project("{8BC9CEB8-8B4A-11D0-8D11-00A0C91BC942}") = "pkfssvm", "pkfssvm\pkfssvm.vcxproj", "{4866A6E2-EC23-4F4C-9CDD-E17FD3F426A7}"
EndProject
Project("{8BC9CEB8-8B4A-11D0-8D11-00A0C91BC942}") = "pkfsann", "pkfsann\pkfsann.vcxproj", "{6528F13B-5595-4257-93D7-34F2D62F1C8C}"
EndProject
Project("{8BC9CEB8-8B4A-11D0-8D11-00A0C91BC942}") = "pksvm", "pksvm\pksvm.vcxproj", "{93E56C89-C08C-412F-A3A6-DE02A5BC8538}"
EndProject
Project("{8BC9CEB8-8B4A-11D0-8D11-00A0C91BC942}") = "pkcomposite", "pkcomposit\pkcomposit.vcxproj", "{404B6494-4BAC-43FE-B269-71982426CC4C}"
EndProject
Project("{8BC9CEB8-8B4A-11D0-8D11-00A0C91BC942}") = "pkdiff", "pkdiff\pkdiff.vcxproj", "{72DC06E4-7A86-4E1B-A78E-89FCD6F60B5E}"
EndProject
Project("{8BC9CEB8-8B4A-11D0-8D11-00A0C91BC942}") = "pkstat", "pkstat\pkstat.vcxproj", "{FC312882-921E-482C-9C9B-3B48B79D2C5F}"
EndProject
Global
	GlobalSection(SolutionConfigurationPlatforms) = preSolution
		CD_ROM|Mixed Platforms = CD_ROM|Mixed Platforms
		CD_ROM|Win32 = CD_ROM|Win32
		CD_ROM|x64 = CD_ROM|x64
		Debug|Mixed Platforms = Debug|Mixed Platforms
		Debug|Win32 = Debug|Win32
		Debug|x64 = Debug|x64
		DVD-5|Mixed Platforms = DVD-5|Mixed Platforms
		DVD-5|Win32 = DVD-5|Win32
		DVD-5|x64 = DVD-5|x64
		Release|Mixed Platforms = Release|Mixed Platforms
		Release|Win32 = Release|Win32
		Release|x64 = Release|x64
		SingleImage|Mixed Platforms = SingleImage|Mixed Platforms
		SingleImage|Win32 = SingleImage|Win32
		SingleImage|x64 = SingleImage|x64
	EndGlobalSection
	GlobalSection(ProjectConfigurationPlatforms) = postSolution
		{2418A77F-710B-4D0A-A8F1-C5A4E8E58DD2}.CD_ROM|Mixed Platforms.ActiveCfg = Debug|Win32
		{2418A77F-710B-4D0A-A8F1-C5A4E8E58DD2}.CD_ROM|Mixed Platforms.Build.0 = Debug|Win32
		{2418A77F-710B-4D0A-A8F1-C5A4E8E58DD2}.CD_ROM|Win32.ActiveCfg = Release|Win32
		{2418A77F-710B-4D0A-A8F1-C5A4E8E58DD2}.CD_ROM|Win32.Build.0 = Release|Win32
		{2418A77F-710B-4D0A-A8F1-C5A4E8E58DD2}.CD_ROM|x64.ActiveCfg = Release|x64
		{2418A77F-710B-4D0A-A8F1-C5A4E8E58DD2}.CD_ROM|x64.Build.0 = Release|x64
		{2418A77F-710B-4D0A-A8F1-C5A4E8E58DD2}.Debug|Mixed Platforms.ActiveCfg = Debug|Win32
		{2418A77F-710B-4D0A-A8F1-C5A4E8E58DD2}.Debug|Mixed Platforms.Build.0 = Debug|Win32
		{2418A77F-710B-4D0A-A8F1-C5A4E8E58DD2}.Debug|Win32.ActiveCfg = Debug|Win32
		{2418A77F-710B-4D0A-A8F1-C5A4E8E58DD2}.Debug|Win32.Build.0 = Debug|Win32
		{2418A77F-710B-4D0A-A8F1-C5A4E8E58DD2}.Debug|x64.ActiveCfg = Debug|x64
		{2418A77F-710B-4D0A-A8F1-C5A4E8E58DD2}.Debug|x64.Build.0 = Debug|x64
		{2418A77F-710B-4D0A-A8F1-C5A4E8E58DD2}.DVD-5|Mixed Platforms.ActiveCfg = Debug|Win32
		{2418A77F-710B-4D0A-A8F1-C5A4E8E58DD2}.DVD-5|Mixed Platforms.Build.0 = Debug|Win32
		{2418A77F-710B-4D0A-A8F1-C5A4E8E58DD2}.DVD-5|Win32.ActiveCfg = Debug|Win32
		{2418A77F-710B-4D0A-A8F1-C5A4E8E58DD2}.DVD-5|Win32.Build.0 = Debug|Win32
		{2418A77F-710B-4D0A-A8F1-C5A4E8E58DD2}.DVD-5|x64.ActiveCfg = Debug|x64
		{2418A77F-710B-4D0A-A8F1-C5A4E8E58DD2}.DVD-5|x64.Build.0 = Debug|x64
		{2418A77F-710B-4D0A-A8F1-C5A4E8E58DD2}.Release|Mixed Platforms.ActiveCfg = Release|Win32
		{2418A77F-710B-4D0A-A8F1-C5A4E8E58DD2}.Release|Mixed Platforms.Build.0 = Release|Win32
		{2418A77F-710B-4D0A-A8F1-C5A4E8E58DD2}.Release|Win32.ActiveCfg = Release|Win32
		{2418A77F-710B-4D0A-A8F1-C5A4E8E58DD2}.Release|Win32.Build.0 = Release|Win32
		{2418A77F-710B-4D0A-A8F1-C5A4E8E58DD2}.Release|x64.ActiveCfg = Release|x64
		{2418A77F-710B-4D0A-A8F1-C5A4E8E58DD2}.Release|x64.Build.0 = Release|x64
		{2418A77F-710B-4D0A-A8F1-C5A4E8E58DD2}.SingleImage|Mixed Platforms.ActiveCfg = Debug|Win32
		{2418A77F-710B-4D0A-A8F1-C5A4E8E58DD2}.SingleImage|Mixed Platforms.Build.0 = Debug|Win32
		{2418A77F-710B-4D0A-A8F1-C5A4E8E58DD2}.SingleImage|Win32.ActiveCfg = Release|Win32
		{2418A77F-710B-4D0A-A8F1-C5A4E8E58DD2}.SingleImage|Win32.Build.0 = Release|Win32
		{2418A77F-710B-4D0A-A8F1-C5A4E8E58DD2}.SingleImage|x64.ActiveCfg = Release|x64
		{2418A77F-710B-4D0A-A8F1-C5A4E8E58DD2}.SingleImage|x64.Build.0 = Release|x64
		{B42F206A-C12F-445A-A110-5BFFF387A707}.CD_ROM|Mixed Platforms.ActiveCfg = Debug|Win32
		{B42F206A-C12F-445A-A110-5BFFF387A707}.CD_ROM|Mixed Platforms.Build.0 = Debug|Win32
		{B42F206A-C12F-445A-A110-5BFFF387A707}.CD_ROM|Win32.ActiveCfg = Release|Win32
		{B42F206A-C12F-445A-A110-5BFFF387A707}.CD_ROM|Win32.Build.0 = Release|Win32
		{B42F206A-C12F-445A-A110-5BFFF387A707}.CD_ROM|x64.ActiveCfg = Release|x64
		{B42F206A-C12F-445A-A110-5BFFF387A707}.CD_ROM|x64.Build.0 = Release|x64
		{B42F206A-C12F-445A-A110-5BFFF387A707}.Debug|Mixed Platforms.ActiveCfg = Debug|Win32
		{B42F206A-C12F-445A-A110-5BFFF387A707}.Debug|Mixed Platforms.Build.0 = Debug|Win32
		{B42F206A-C12F-445A-A110-5BFFF387A707}.Debug|Win32.ActiveCfg = Debug|Win32
		{B42F206A-C12F-445A-A110-5BFFF387A707}.Debug|Win32.Build.0 = Debug|Win32
		{B42F206A-C12F-445A-A110-5BFFF387A707}.Debug|x64.ActiveCfg = Debug|x64
		{B42F206A-C12F-445A-A110-5BFFF387A707}.Debug|x64.Build.0 = Debug|x64
		{B42F206A-C12F-445A-A110-5BFFF387A707}.DVD-5|Mixed Platforms.ActiveCfg = Debug|Win32
		{B42F206A-C12F-445A-A110-5BFFF387A707}.DVD-5|Mixed Platforms.Build.0 = Debug|Win32
		{B42F206A-C12F-445A-A110-5BFFF387A707}.DVD-5|Win32.ActiveCfg = Debug|Win32
		{B42F206A-C12F-445A-A110-5BFFF387A707}.DVD-5|Win32.Build.0 = Debug|Win32
		{B42F206A-C12F-445A-A110-5BFFF387A707}.DVD-5|x64.ActiveCfg = Debug|x64
		{B42F206A-C12F-445A-A110-5BFFF387A707}.DVD-5|x64.Build.0 = Debug|x64
		{B42F206A-C12F-445A-A110-5BFFF387A707}.Release|Mixed Platforms.ActiveCfg = Release|Win32
		{B42F206A-C12F-445A-A110-5BFFF387A707}.Release|Mixed Platforms.Build.0 = Release|Win32
		{B42F206A-C12F-445A-A110-5BFFF387A707}.Release|Win32.ActiveCfg = Release|Win32
		{B42F206A-C12F-445A-A110-5BFFF387A707}.Release|Win32.Build.0 = Release|Win32
		{B42F206A-C12F-445A-A110-5BFFF387A707}.Release|x64.ActiveCfg = Release|x64
		{B42F206A-C12F-445A-A110-5BFFF387A707}.Release|x64.Build.0 = Release|x64
		{B42F206A-C12F-445A-A110-5BFFF387A707}.SingleImage|Mixed Platforms.ActiveCfg = Debug|Win32
		{B42F206A-C12F-445A-A110-5BFFF387A707}.SingleImage|Mixed Platforms.Build.0 = Debug|Win32
		{B42F206A-C12F-445A-A110-5BFFF387A707}.SingleImage|Win32.ActiveCfg = Release|Win32
		{B42F206A-C12F-445A-A110-5BFFF387A707}.SingleImage|Win32.Build.0 = Release|Win32
		{B42F206A-C12F-445A-A110-5BFFF387A707}.SingleImage|x64.ActiveCfg = Release|x64
		{B42F206A-C12F-445A-A110-5BFFF387A707}.SingleImage|x64.Build.0 = Release|x64
		{8FC1F84F-ED9C-41C0-85B7-4523E47EC87F}.CD_ROM|Mixed Platforms.ActiveCfg = Debug|Win32
		{8FC1F84F-ED9C-41C0-85B7-4523E47EC87F}.CD_ROM|Mixed Platforms.Build.0 = Debug|Win32
		{8FC1F84F-ED9C-41C0-85B7-4523E47EC87F}.CD_ROM|Win32.ActiveCfg = Release|Win32
		{8FC1F84F-ED9C-41C0-85B7-4523E47EC87F}.CD_ROM|Win32.Build.0 = Release|Win32
		{8FC1F84F-ED9C-41C0-85B7-4523E47EC87F}.CD_ROM|x64.ActiveCfg = Release|x64
		{8FC1F84F-ED9C-41C0-85B7-4523E47EC87F}.CD_ROM|x64.Build.0 = Release|x64
		{8FC1F84F-ED9C-41C0-85B7-4523E47EC87F}.Debug|Mixed Platforms.ActiveCfg = Debug|Win32
		{8FC1F84F-ED9C-41C0-85B7-4523E47EC87F}.Debug|Mixed Platforms.Build.0 = Debug|Win32
		{8FC1F84F-ED9C-41C0-85B7-4523E47EC87F}.Debug|Win32.ActiveCfg = Debug|Win32
		{8FC1F84F-ED9C-41C0-85B7-4523E47EC87F}.Debug|Win32.Build.0 = Debug|Win32
		{8FC1F84F-ED9C-41C0-85B7-4523E47EC87F}.Debug|x64.ActiveCfg = Debug|x64
		{8FC1F84F-ED9C-41C0-85B7-4523E47EC87F}.Debug|x64.Build.0 = Debug|x64
		{8FC1F84F-ED9C-41C0-85B7-4523E47EC87F}.DVD-5|Mixed Platforms.ActiveCfg = Debug|Win32
		{8FC1F84F-ED9C-41C0-85B7-4523E47EC87F}.DVD-5|Mixed Platforms.Build.0 = Debug|Win32
		{8FC1F84F-ED9C-41C0-85B7-4523E47EC87F}.DVD-5|Win32.ActiveCfg = Debug|Win32
		{8FC1F84F-ED9C-41C0-85B7-4523E47EC87F}.DVD-5|Win32.Build.0 = Debug|Win32
		{8FC1F84F-ED9C-41C0-85B7-4523E47EC87F}.DVD-5|x64.ActiveCfg = Debug|x64
		{8FC1F84F-ED9C-41C0-85B7-4523E47EC87F}.DVD-5|x64.Build.0 = Debug|x64
		{8FC1F84F-ED9C-41C0-85B7-4523E47EC87F}.Release|Mixed Platforms.ActiveCfg = Release|Win32
		{8FC1F84F-ED9C-41C0-85B7-4523E47EC87F}.Release|Mixed Platforms.Build.0 = Release|Win32
		{8FC1F84F-ED9C-41C0-85B7-4523E47EC87F}.Release|Win32.ActiveCfg = Release|Win32
		{8FC1F84F-ED9C-41C0-85B7-4523E47EC87F}.Release|Win32.Build.0 = Release|Win32
		{8FC1F84F-ED9C-41C0-85B7-4523E47EC87F}.Release|x64.ActiveCfg = Release|x64
		{8FC1F84F-ED9C-41C0-85B7-4523E47EC87F}.Release|x64.Build.0 = Release|x64
		{8FC1F84F-ED9C-41C0-85B7-4523E47EC87F}.SingleImage|Mixed Platforms.ActiveCfg = Debug|Win32
		{8FC1F84F-ED9C-41C0-85B7-4523E47EC87F}.SingleImage|Mixed Platforms.Build.0 = Debug|Win32
		{8FC1F84F-ED9C-41C0-85B7-4523E47EC87F}.SingleImage|Win32.ActiveCfg = Release|Win32
		{8FC1F84F-ED9C-41C0-85B7-4523E47EC87F}.SingleImage|Win32.Build.0 = Release|Win32
		{8FC1F84F-ED9C-41C0-85B7-4523E47EC87F}.SingleImage|x64.ActiveCfg = Release|x64
		{8FC1F84F-ED9C-41C0-85B7-4523E47EC87F}.SingleImage|x64.Build.0 = Release|x64
		{04432F24-6D28-45BE-A004-9179172F98F2}.CD_ROM|Mixed Platforms.ActiveCfg = Debug|Win32
		{04432F24-6D28-45BE-A004-9179172F98F2}.CD_ROM|Mixed Platforms.Build.0 = Debug|Win32
		{04432F24-6D28-45BE-A004-9179172F98F2}.CD_ROM|Win32.ActiveCfg = Release|Win32
		{04432F24-6D28-45BE-A004-9179172F98F2}.CD_ROM|Win32.Build.0 = Release|Win32
		{04432F24-6D28-45BE-A004-9179172F98F2}.CD_ROM|x64.ActiveCfg = Release|x64
		{04432F24-6D28-45BE-A004-9179172F98F2}.CD_ROM|x64.Build.0 = Release|x64
		{04432F24-6D28-45BE-A004-9179172F98F2}.Debug|Mixed Platforms.ActiveCfg = Debug|Win32
		{04432F24-6D28-45BE-A004-9179172F98F2}.Debug|Mixed Platforms.Build.0 = Debug|Win32
		{04432F24-6D28-45BE-A004-9179172F98F2}.Debug|Win32.ActiveCfg = Debug|Win32
		{04432F24-6D28-45BE-A004-9179172F98F2}.Debug|Win32.Build.0 = Debug|Win32
		{04432F24-6D28-45BE-A004-9179172F98F2}.Debug|x64.ActiveCfg = Debug|x64
		{04432F24-6D28-45BE-A004-9179172F98F2}.Debug|x64.Build.0 = Debug|x64
		{04432F24-6D28-45BE-A004-9179172F98F2}.DVD-5|Mixed Platforms.ActiveCfg = Debug|Win32
		{04432F24-6D28-45BE-A004-9179172F98F2}.DVD-5|Mixed Platforms.Build.0 = Debug|Win32
		{04432F24-6D28-45BE-A004-9179172F98F2}.DVD-5|Win32.ActiveCfg = Debug|Win32
		{04432F24-6D28-45BE-A004-9179172F98F2}.DVD-5|Win32.Build.0 = Debug|Win32
		{04432F24-6D28-45BE-A004-9179172F98F2}.DVD-5|x64.ActiveCfg = Debug|x64
		{04432F24-6D28-45BE-A004-9179172F98F2}.DVD-5|x64.Build.0 = Debug|x64
		{04432F24-6D28-45BE-A004-9179172F98F2}.Release|Mixed Platforms.ActiveCfg = Release|Win32
		{04432F24-6D28-45BE-A004-9179172F98F2}.Release|Mixed Platforms.Build.0 = Release|Win32
		{04432F24-6D28-45BE-A004-9179172F98F2}.Release|Win32.ActiveCfg = Release|Win32
		{04432F24-6D28-45BE-A004-9179172F98F2}.Release|Win32.Build.0 = Release|Win32
		{04432F24-6D28-45BE-A004-9179172F98F2}.Release|x64.ActiveCfg = Release|x64
		{04432F24-6D28-45BE-A004-9179172F98F2}.Release|x64.Build.0 = Release|x64
		{04432F24-6D28-45BE-A004-9179172F98F2}.SingleImage|Mixed Platforms.ActiveCfg = Debug|Win32
		{04432F24-6D28-45BE-A004-9179172F98F2}.SingleImage|Mixed Platforms.Build.0 = Debug|Win32
		{04432F24-6D28-45BE-A004-9179172F98F2}.SingleImage|Win32.ActiveCfg = Release|Win32
		{04432F24-6D28-45BE-A004-9179172F98F2}.SingleImage|Win32.Build.0 = Release|Win32
		{04432F24-6D28-45BE-A004-9179172F98F2}.SingleImage|x64.ActiveCfg = Release|x64
		{04432F24-6D28-45BE-A004-9179172F98F2}.SingleImage|x64.Build.0 = Release|x64
		{96523E32-4956-4BD7-8A74-1B4EA4ED2327}.CD_ROM|Mixed Platforms.ActiveCfg = Debug|Win32
		{96523E32-4956-4BD7-8A74-1B4EA4ED2327}.CD_ROM|Mixed Platforms.Build.0 = Debug|Win32
		{96523E32-4956-4BD7-8A74-1B4EA4ED2327}.CD_ROM|Win32.ActiveCfg = Release|Win32
		{96523E32-4956-4BD7-8A74-1B4EA4ED2327}.CD_ROM|Win32.Build.0 = Release|Win32
		{96523E32-4956-4BD7-8A74-1B4EA4ED2327}.CD_ROM|x64.ActiveCfg = Release|x64
		{96523E32-4956-4BD7-8A74-1B4EA4ED2327}.CD_ROM|x64.Build.0 = Release|x64
		{96523E32-4956-4BD7-8A74-1B4EA4ED2327}.Debug|Mixed Platforms.ActiveCfg = Debug|Win32
		{96523E32-4956-4BD7-8A74-1B4EA4ED2327}.Debug|Mixed Platforms.Build.0 = Debug|Win32
		{96523E32-4956-4BD7-8A74-1B4EA4ED2327}.Debug|Win32.ActiveCfg = Debug|Win32
		{96523E32-4956-4BD7-8A74-1B4EA4ED2327}.Debug|Win32.Build.0 = Debug|Win32
		{96523E32-4956-4BD7-8A74-1B4EA4ED2327}.Debug|x64.ActiveCfg = Debug|x64
		{96523E32-4956-4BD7-8A74-1B4EA4ED2327}.Debug|x64.Build.0 = Debug|x64
		{96523E32-4956-4BD7-8A74-1B4EA4ED2327}.DVD-5|Mixed Platforms.ActiveCfg = Debug|Win32
		{96523E32-4956-4BD7-8A74-1B4EA4ED2327}.DVD-5|Mixed Platforms.Build.0 = Debug|Win32
		{96523E32-4956-4BD7-8A74-1B4EA4ED2327}.DVD-5|Win32.ActiveCfg = Debug|Win32
		{96523E32-4956-4BD7-8A74-1B4EA4ED2327}.DVD-5|Win32.Build.0 = Debug|Win32
		{96523E32-4956-4BD7-8A74-1B4EA4ED2327}.DVD-5|x64.ActiveCfg = Debug|x64
		{96523E32-4956-4BD7-8A74-1B4EA4ED2327}.DVD-5|x64.Build.0 = Debug|x64
		{96523E32-4956-4BD7-8A74-1B4EA4ED2327}.Release|Mixed Platforms.ActiveCfg = Release|Win32
		{96523E32-4956-4BD7-8A74-1B4EA4ED2327}.Release|Mixed Platforms.Build.0 = Release|Win32
		{96523E32-4956-4BD7-8A74-1B4EA4ED2327}.Release|Win32.ActiveCfg = Release|Win32
		{96523E32-4956-4BD7-8A74-1B4EA4ED2327}.Release|Win32.Build.0 = Release|Win32
		{96523E32-4956-4BD7-8A74-1B4EA4ED2327}.Release|x64.ActiveCfg = Release|x64
		{96523E32-4956-4BD7-8A74-1B4EA4ED2327}.Release|x64.Build.0 = Release|x64
		{96523E32-4956-4BD7-8A74-1B4EA4ED2327}.SingleImage|Mixed Platforms.ActiveCfg = Debug|Win32
		{96523E32-4956-4BD7-8A74-1B4EA4ED2327}.SingleImage|Mixed Platforms.Build.0 = Debug|Win32
		{96523E32-4956-4BD7-8A74-1B4EA4ED2327}.SingleImage|Win32.ActiveCfg = Release|Win32
		{96523E32-4956-4BD7-8A74-1B4EA4ED2327}.SingleImage|Win32.Build.0 = Release|Win32
		{96523E32-4956-4BD7-8A74-1B4EA4ED2327}.SingleImage|x64.ActiveCfg = Release|x64
		{96523E32-4956-4BD7-8A74-1B4EA4ED2327}.SingleImage|x64.Build.0 = Release|x64
		{EA430508-A3E7-47D2-BA7C-C6F1D68CFBB3}.CD_ROM|Mixed Platforms.ActiveCfg = Debug|Win32
		{EA430508-A3E7-47D2-BA7C-C6F1D68CFBB3}.CD_ROM|Mixed Platforms.Build.0 = Debug|Win32
		{EA430508-A3E7-47D2-BA7C-C6F1D68CFBB3}.CD_ROM|Win32.ActiveCfg = Release|Win32
		{EA430508-A3E7-47D2-BA7C-C6F1D68CFBB3}.CD_ROM|Win32.Build.0 = Release|Win32
		{EA430508-A3E7-47D2-BA7C-C6F1D68CFBB3}.CD_ROM|x64.ActiveCfg = Release|x64
		{EA430508-A3E7-47D2-BA7C-C6F1D68CFBB3}.CD_ROM|x64.Build.0 = Release|x64
		{EA430508-A3E7-47D2-BA7C-C6F1D68CFBB3}.Debug|Mixed Platforms.ActiveCfg = Debug|Win32
		{EA430508-A3E7-47D2-BA7C-C6F1D68CFBB3}.Debug|Mixed Platforms.Build.0 = Debug|Win32
		{EA430508-A3E7-47D2-BA7C-C6F1D68CFBB3}.Debug|Win32.ActiveCfg = Debug|Win32
		{EA430508-A3E7-47D2-BA7C-C6F1D68CFBB3}.Debug|Win32.Build.0 = Debug|Win32
		{EA430508-A3E7-47D2-BA7C-C6F1D68CFBB3}.Debug|x64.ActiveCfg = Debug|x64
		{EA430508-A3E7-47D2-BA7C-C6F1D68CFBB3}.Debug|x64.Build.0 = Debug|x64
		{EA430508-A3E7-47D2-BA7C-C6F1D68CFBB3}.DVD-5|Mixed Platforms.ActiveCfg = Debug|Win32
		{EA430508-A3E7-47D2-BA7C-C6F1D68CFBB3}.DVD-5|Mixed Platforms.Build.0 = Debug|Win32
		{EA430508-A3E7-47D2-BA7C-C6F1D68CFBB3}.DVD-5|Win32.ActiveCfg = Debug|Win32
		{EA430508-A3E7-47D2-BA7C-C6F1D68CFBB3}.DVD-5|Win32.Build.0 = Debug|Win32
		{EA430508-A3E7-47D2-BA7C-C6F1D68CFBB3}.DVD-5|x64.ActiveCfg = Debug|x64
		{EA430508-A3E7-47D2-BA7C-C6F1D68CFBB3}.DVD-5|x64.Build.0 = Debug|x64
		{EA430508-A3E7-47D2-BA7C-C6F1D68CFBB3}.Release|Mixed Platforms.ActiveCfg = Release|Win32
		{EA430508-A3E7-47D2-BA7C-C6F1D68CFBB3}.Release|Mixed Platforms.Build.0 = Release|Win32
		{EA430508-A3E7-47D2-BA7C-C6F1D68CFBB3}.Release|Win32.ActiveCfg = Release|Win32
		{EA430508-A3E7-47D2-BA7C-C6F1D68CFBB3}.Release|Win32.Build.0 = Release|Win32
		{EA430508-A3E7-47D2-BA7C-C6F1D68CFBB3}.Release|x64.ActiveCfg = Release|x64
		{EA430508-A3E7-47D2-BA7C-C6F1D68CFBB3}.Release|x64.Build.0 = Release|x64
		{EA430508-A3E7-47D2-BA7C-C6F1D68CFBB3}.SingleImage|Mixed Platforms.ActiveCfg = Debug|Win32
		{EA430508-A3E7-47D2-BA7C-C6F1D68CFBB3}.SingleImage|Mixed Platforms.Build.0 = Debug|Win32
		{EA430508-A3E7-47D2-BA7C-C6F1D68CFBB3}.SingleImage|Win32.ActiveCfg = Release|Win32
		{EA430508-A3E7-47D2-BA7C-C6F1D68CFBB3}.SingleImage|Win32.Build.0 = Release|Win32
		{EA430508-A3E7-47D2-BA7C-C6F1D68CFBB3}.SingleImage|x64.ActiveCfg = Release|x64
		{EA430508-A3E7-47D2-BA7C-C6F1D68CFBB3}.SingleImage|x64.Build.0 = Release|x64
		{A744F240-F78A-47E5-BD45-0B3267ACA149}.CD_ROM|Mixed Platforms.ActiveCfg = Debug|Win32
		{A744F240-F78A-47E5-BD45-0B3267ACA149}.CD_ROM|Mixed Platforms.Build.0 = Debug|Win32
		{A744F240-F78A-47E5-BD45-0B3267ACA149}.CD_ROM|Win32.ActiveCfg = Release|Win32
		{A744F240-F78A-47E5-BD45-0B3267ACA149}.CD_ROM|Win32.Build.0 = Release|Win32
		{A744F240-F78A-47E5-BD45-0B3267ACA149}.CD_ROM|x64.ActiveCfg = Release|x64
		{A744F240-F78A-47E5-BD45-0B3267ACA149}.CD_ROM|x64.Build.0 = Release|x64
		{A744F240-F78A-47E5-BD45-0B3267ACA149}.Debug|Mixed Platforms.ActiveCfg = Debug|Win32
		{A744F240-F78A-47E5-BD45-0B3267ACA149}.Debug|Mixed Platforms.Build.0 = Debug|Win32
		{A744F240-F78A-47E5-BD45-0B3267ACA149}.Debug|Win32.ActiveCfg = Debug|Win32
		{A744F240-F78A-47E5-BD45-0B3267ACA149}.Debug|Win32.Build.0 = Debug|Win32
		{A744F240-F78A-47E5-BD45-0B3267ACA149}.Debug|x64.ActiveCfg = Debug|x64
		{A744F240-F78A-47E5-BD45-0B3267ACA149}.Debug|x64.Build.0 = Debug|x64
		{A744F240-F78A-47E5-BD45-0B3267ACA149}.DVD-5|Mixed Platforms.ActiveCfg = Debug|Win32
		{A744F240-F78A-47E5-BD45-0B3267ACA149}.DVD-5|Mixed Platforms.Build.0 = Debug|Win32
		{A744F240-F78A-47E5-BD45-0B3267ACA149}.DVD-5|Win32.ActiveCfg = Debug|Win32
		{A744F240-F78A-47E5-BD45-0B3267ACA149}.DVD-5|Win32.Build.0 = Debug|Win32
		{A744F240-F78A-47E5-BD45-0B3267ACA149}.DVD-5|x64.ActiveCfg = Debug|x64
		{A744F240-F78A-47E5-BD45-0B3267ACA149}.DVD-5|x64.Build.0 = Debug|x64
		{A744F240-F78A-47E5-BD45-0B3267ACA149}.Release|Mixed Platforms.ActiveCfg = Release|Win32
		{A744F240-F78A-47E5-BD45-0B3267ACA149}.Release|Mixed Platforms.Build.0 = Release|Win32
		{A744F240-F78A-47E5-BD45-0B3267ACA149}.Release|Win32.ActiveCfg = Release|Win32
		{A744F240-F78A-47E5-BD45-0B3267ACA149}.Release|Win32.Build.0 = Release|Win32
		{A744F240-F78A-47E5-BD45-0B3267ACA149}.Release|x64.ActiveCfg = Release|x64
		{A744F240-F78A-47E5-BD45-0B3267ACA149}.Release|x64.Build.0 = Release|x64
		{A744F240-F78A-47E5-BD45-0B3267ACA149}.SingleImage|Mixed Platforms.ActiveCfg = Debug|Win32
		{A744F240-F78A-47E5-BD45-0B3267ACA149}.SingleImage|Mixed Platforms.Build.0 = Debug|Win32
		{A744F240-F78A-47E5-BD45-0B3267ACA149}.SingleImage|Win32.ActiveCfg = Release|Win32
		{A744F240-F78A-47E5-BD45-0B3267ACA149}.SingleImage|Win32.Build.0 = Release|Win32
		{A744F240-F78A-47E5-BD45-0B3267ACA149}.SingleImage|x64.ActiveCfg = Release|x64
		{A744F240-F78A-47E5-BD45-0B3267ACA149}.SingleImage|x64.Build.0 = Release|x64
		{A1CE2C8C-542F-4D48-9D66-F2B685F83A5B}.CD_ROM|Mixed Platforms.ActiveCfg = Debug|Win32
		{A1CE2C8C-542F-4D48-9D66-F2B685F83A5B}.CD_ROM|Mixed Platforms.Build.0 = Debug|Win32
		{A1CE2C8C-542F-4D48-9D66-F2B685F83A5B}.CD_ROM|Win32.ActiveCfg = Release|Win32
		{A1CE2C8C-542F-4D48-9D66-F2B685F83A5B}.CD_ROM|Win32.Build.0 = Release|Win32
		{A1CE2C8C-542F-4D48-9D66-F2B685F83A5B}.CD_ROM|x64.ActiveCfg = Release|x64
		{A1CE2C8C-542F-4D48-9D66-F2B685F83A5B}.CD_ROM|x64.Build.0 = Release|x64
		{A1CE2C8C-542F-4D48-9D66-F2B685F83A5B}.Debug|Mixed Platforms.ActiveCfg = Debug|Win32
		{A1CE2C8C-542F-4D48-9D66-F2B685F83A5B}.Debug|Mixed Platforms.Build.0 = Debug|Win32
		{A1CE2C8C-542F-4D48-9D66-F2B685F83A5B}.Debug|Win32.ActiveCfg = Debug|Win32
		{A1CE2C8C-542F-4D48-9D66-F2B685F83A5B}.Debug|Win32.Build.0 = Debug|Win32
		{A1CE2C8C-542F-4D48-9D66-F2B685F83A5B}.Debug|x64.ActiveCfg = Debug|x64
		{A1CE2C8C-542F-4D48-9D66-F2B685F83A5B}.Debug|x64.Build.0 = Debug|x64
		{A1CE2C8C-542F-4D48-9D66-F2B685F83A5B}.DVD-5|Mixed Platforms.ActiveCfg = Debug|Win32
		{A1CE2C8C-542F-4D48-9D66-F2B685F83A5B}.DVD-5|Mixed Platforms.Build.0 = Debug|Win32
		{A1CE2C8C-542F-4D48-9D66-F2B685F83A5B}.DVD-5|Win32.ActiveCfg = Debug|Win32
		{A1CE2C8C-542F-4D48-9D66-F2B685F83A5B}.DVD-5|Win32.Build.0 = Debug|Win32
		{A1CE2C8C-542F-4D48-9D66-F2B685F83A5B}.DVD-5|x64.ActiveCfg = Debug|x64
		{A1CE2C8C-542F-4D48-9D66-F2B685F83A5B}.DVD-5|x64.Build.0 = Debug|x64
		{A1CE2C8C-542F-4D48-9D66-F2B685F83A5B}.Release|Mixed Platforms.ActiveCfg = Release|Win32
		{A1CE2C8C-542F-4D48-9D66-F2B685F83A5B}.Release|Mixed Platforms.Build.0 = Release|Win32
		{A1CE2C8C-542F-4D48-9D66-F2B685F83A5B}.Release|Win32.ActiveCfg = Release|Win32
		{A1CE2C8C-542F-4D48-9D66-F2B685F83A5B}.Release|Win32.Build.0 = Release|Win32
		{A1CE2C8C-542F-4D48-9D66-F2B685F83A5B}.Release|x64.ActiveCfg = Release|x64
		{A1CE2C8C-542F-4D48-9D66-F2B685F83A5B}.Release|x64.Build.0 = Release|x64
		{A1CE2C8C-542F-4D48-9D66-F2B685F83A5B}.SingleImage|Mixed Platforms.ActiveCfg = Debug|Win32
		{A1CE2C8C-542F-4D48-9D66-F2B685F83A5B}.SingleImage|Mixed Platforms.Build.0 = Debug|Win32
		{A1CE2C8C-542F-4D48-9D66-F2B685F83A5B}.SingleImage|Win32.ActiveCfg = Release|Win32
		{A1CE2C8C-542F-4D48-9D66-F2B685F83A5B}.SingleImage|Win32.Build.0 = Release|Win32
		{A1CE2C8C-542F-4D48-9D66-F2B685F83A5B}.SingleImage|x64.ActiveCfg = Release|x64
		{A1CE2C8C-542F-4D48-9D66-F2B685F83A5B}.SingleImage|x64.Build.0 = Release|x64
		{2F35CE42-4CE0-47C5-8096-CDFD4D6F7FC6}.CD_ROM|Mixed Platforms.ActiveCfg = Debug|Win32
		{2F35CE42-4CE0-47C5-8096-CDFD4D6F7FC6}.CD_ROM|Mixed Platforms.Build.0 = Debug|Win32
		{2F35CE42-4CE0-47C5-8096-CDFD4D6F7FC6}.CD_ROM|Win32.ActiveCfg = Release|Win32
		{2F35CE42-4CE0-47C5-8096-CDFD4D6F7FC6}.CD_ROM|Win32.Build.0 = Release|Win32
		{2F35CE42-4CE0-47C5-8096-CDFD4D6F7FC6}.CD_ROM|x64.ActiveCfg = Release|x64
		{2F35CE42-4CE0-47C5-8096-CDFD4D6F7FC6}.CD_ROM|x64.Build.0 = Release|x64
		{2F35CE42-4CE0-47C5-8096-CDFD4D6F7FC6}.Debug|Mixed Platforms.ActiveCfg = Debug|Win32
		{2F35CE42-4CE0-47C5-8096-CDFD4D6F7FC6}.Debug|Mixed Platforms.Build.0 = Debug|Win32
		{2F35CE42-4CE0-47C5-8096-CDFD4D6F7FC6}.Debug|Win32.ActiveCfg = Debug|Win32
		{2F35CE42-4CE0-47C5-8096-CDFD4D6F7FC6}.Debug|Win32.Build.0 = Debug|Win32
		{2F35CE42-4CE0-47C5-8096-CDFD4D6F7FC6}.Debug|x64.ActiveCfg = Debug|x64
		{2F35CE42-4CE0-47C5-8096-CDFD4D6F7FC6}.Debug|x64.Build.0 = Debug|x64
		{2F35CE42-4CE0-47C5-8096-CDFD4D6F7FC6}.DVD-5|Mixed Platforms.ActiveCfg = Debug|Win32
		{2F35CE42-4CE0-47C5-8096-CDFD4D6F7FC6}.DVD-5|Mixed Platforms.Build.0 = Debug|Win32
		{2F35CE42-4CE0-47C5-8096-CDFD4D6F7FC6}.DVD-5|Win32.ActiveCfg = Debug|Win32
		{2F35CE42-4CE0-47C5-8096-CDFD4D6F7FC6}.DVD-5|Win32.Build.0 = Debug|Win32
		{2F35CE42-4CE0-47C5-8096-CDFD4D6F7FC6}.DVD-5|x64.ActiveCfg = Debug|x64
		{2F35CE42-4CE0-47C5-8096-CDFD4D6F7FC6}.DVD-5|x64.Build.0 = Debug|x64
		{2F35CE42-4CE0-47C5-8096-CDFD4D6F7FC6}.Release|Mixed Platforms.ActiveCfg = Release|Win32
		{2F35CE42-4CE0-47C5-8096-CDFD4D6F7FC6}.Release|Mixed Platforms.Build.0 = Release|Win32
		{2F35CE42-4CE0-47C5-8096-CDFD4D6F7FC6}.Release|Win32.ActiveCfg = Release|Win32
		{2F35CE42-4CE0-47C5-8096-CDFD4D6F7FC6}.Release|Win32.Build.0 = Release|Win32
		{2F35CE42-4CE0-47C5-8096-CDFD4D6F7FC6}.Release|x64.ActiveCfg = Release|x64
		{2F35CE42-4CE0-47C5-8096-CDFD4D6F7FC6}.Release|x64.Build.0 = Release|x64
		{2F35CE42-4CE0-47C5-8096-CDFD4D6F7FC6}.SingleImage|Mixed Platforms.ActiveCfg = Debug|Win32
		{2F35CE42-4CE0-47C5-8096-CDFD4D6F7FC6}.SingleImage|Mixed Platforms.Build.0 = Debug|Win32
		{2F35CE42-4CE0-47C5-8096-CDFD4D6F7FC6}.SingleImage|Win32.ActiveCfg = Release|Win32
		{2F35CE42-4CE0-47C5-8096-CDFD4D6F7FC6}.SingleImage|Win32.Build.0 = Release|Win32
		{2F35CE42-4CE0-47C5-8096-CDFD4D6F7FC6}.SingleImage|x64.ActiveCfg = Release|x64
		{2F35CE42-4CE0-47C5-8096-CDFD4D6F7FC6}.SingleImage|x64.Build.0 = Release|x64
		{E13DF120-ECCC-4645-8393-79C9C21CA467}.CD_ROM|Mixed Platforms.ActiveCfg = Debug|Win32
		{E13DF120-ECCC-4645-8393-79C9C21CA467}.CD_ROM|Mixed Platforms.Build.0 = Debug|Win32
		{E13DF120-ECCC-4645-8393-79C9C21CA467}.CD_ROM|Win32.ActiveCfg = Release|Win32
		{E13DF120-ECCC-4645-8393-79C9C21CA467}.CD_ROM|Win32.Build.0 = Release|Win32
		{E13DF120-ECCC-4645-8393-79C9C21CA467}.CD_ROM|x64.ActiveCfg = Release|x64
		{E13DF120-ECCC-4645-8393-79C9C21CA467}.CD_ROM|x64.Build.0 = Release|x64
		{E13DF120-ECCC-4645-8393-79C9C21CA467}.Debug|Mixed Platforms.ActiveCfg = Debug|Win32
		{E13DF120-ECCC-4645-8393-79C9C21CA467}.Debug|Mixed Platforms.Build.0 = Debug|Win32
		{E13DF120-ECCC-4645-8393-79C9C21CA467}.Debug|Win32.ActiveCfg = Debug|Win32
		{E13DF120-ECCC-4645-8393-79C9C21CA467}.Debug|Win32.Build.0 = Debug|Win32
		{E13DF120-ECCC-4645-8393-79C9C21CA467}.Debug|x64.ActiveCfg = Debug|x64
		{E13DF120-ECCC-4645-8393-79C9C21CA467}.Debug|x64.Build.0 = Debug|x64
		{E13DF120-ECCC-4645-8393-79C9C21CA467}.DVD-5|Mixed Platforms.ActiveCfg = Debug|Win32
		{E13DF120-ECCC-4645-8393-79C9C21CA467}.DVD-5|Mixed Platforms.Build.0 = Debug|Win32
		{E13DF120-ECCC-4645-8393-79C9C21CA467}.DVD-5|Win32.ActiveCfg = Debug|Win32
		{E13DF120-ECCC-4645-8393-79C9C21CA467}.DVD-5|Win32.Build.0 = Debug|Win32
		{E13DF120-ECCC-4645-8393-79C9C21CA467}.DVD-5|x64.ActiveCfg = Debug|x64
		{E13DF120-ECCC-4645-8393-79C9C21CA467}.DVD-5|x64.Build.0 = Debug|x64
		{E13DF120-ECCC-4645-8393-79C9C21CA467}.Release|Mixed Platforms.ActiveCfg = Release|Win32
		{E13DF120-ECCC-4645-8393-79C9C21CA467}.Release|Mixed Platforms.Build.0 = Release|Win32
		{E13DF120-ECCC-4645-8393-79C9C21CA467}.Release|Win32.ActiveCfg = Release|Win32
		{E13DF120-ECCC-4645-8393-79C9C21CA467}.Release|Win32.Build.0 = Release|Win32
		{E13DF120-ECCC-4645-8393-79C9C21CA467}.Release|x64.ActiveCfg = Release|x64
		{E13DF120-ECCC-4645-8393-79C9C21CA467}.Release|x64.Build.0 = Release|x64
		{E13DF120-ECCC-4645-8393-79C9C21CA467}.SingleImage|Mixed Platforms.ActiveCfg = Debug|Win32
		{E13DF120-ECCC-4645-8393-79C9C21CA467}.SingleImage|Mixed Platforms.Build.0 = Debug|Win32
		{E13DF120-ECCC-4645-8393-79C9C21CA467}.SingleImage|Win32.ActiveCfg = Release|Win32
		{E13DF120-ECCC-4645-8393-79C9C21CA467}.SingleImage|Win32.Build.0 = Release|Win32
		{E13DF120-ECCC-4645-8393-79C9C21CA467}.SingleImage|x64.ActiveCfg = Release|x64
		{E13DF120-ECCC-4645-8393-79C9C21CA467}.SingleImage|x64.Build.0 = Release|x64
		{77F9242C-2D65-4D78-AA75-5E6B436D51B0}.CD_ROM|Mixed Platforms.ActiveCfg = Debug|Win32
		{77F9242C-2D65-4D78-AA75-5E6B436D51B0}.CD_ROM|Mixed Platforms.Build.0 = Debug|Win32
		{77F9242C-2D65-4D78-AA75-5E6B436D51B0}.CD_ROM|Win32.ActiveCfg = Release|Win32
		{77F9242C-2D65-4D78-AA75-5E6B436D51B0}.CD_ROM|Win32.Build.0 = Release|Win32
		{77F9242C-2D65-4D78-AA75-5E6B436D51B0}.CD_ROM|x64.ActiveCfg = Release|x64
		{77F9242C-2D65-4D78-AA75-5E6B436D51B0}.CD_ROM|x64.Build.0 = Release|x64
		{77F9242C-2D65-4D78-AA75-5E6B436D51B0}.Debug|Mixed Platforms.ActiveCfg = Debug|Win32
		{77F9242C-2D65-4D78-AA75-5E6B436D51B0}.Debug|Mixed Platforms.Build.0 = Debug|Win32
		{77F9242C-2D65-4D78-AA75-5E6B436D51B0}.Debug|Win32.ActiveCfg = Debug|Win32
		{77F9242C-2D65-4D78-AA75-5E6B436D51B0}.Debug|Win32.Build.0 = Debug|Win32
		{77F9242C-2D65-4D78-AA75-5E6B436D51B0}.Debug|x64.ActiveCfg = Debug|x64
		{77F9242C-2D65-4D78-AA75-5E6B436D51B0}.Debug|x64.Build.0 = Debug|x64
		{77F9242C-2D65-4D78-AA75-5E6B436D51B0}.DVD-5|Mixed Platforms.ActiveCfg = Debug|Win32
		{77F9242C-2D65-4D78-AA75-5E6B436D51B0}.DVD-5|Mixed Platforms.Build.0 = Debug|Win32
		{77F9242C-2D65-4D78-AA75-5E6B436D51B0}.DVD-5|Win32.ActiveCfg = Debug|Win32
		{77F9242C-2D65-4D78-AA75-5E6B436D51B0}.DVD-5|Win32.Build.0 = Debug|Win32
		{77F9242C-2D65-4D78-AA75-5E6B436D51B0}.DVD-5|x64.ActiveCfg = Debug|x64
		{77F9242C-2D65-4D78-AA75-5E6B436D51B0}.DVD-5|x64.Build.0 = Debug|x64
		{77F9242C-2D65-4D78-AA75-5E6B436D51B0}.Release|Mixed Platforms.ActiveCfg = Release|Win32
		{77F9242C-2D65-4D78-AA75-5E6B436D51B0}.Release|Mixed Platforms.Build.0 = Release|Win32
		{77F9242C-2D65-4D78-AA75-5E6B436D51B0}.Release|Win32.ActiveCfg = Release|Win32
		{77F9242C-2D65-4D78-AA75-5E6B436D51B0}.Release|Win32.Build.0 = Release|Win32
		{77F9242C-2D65-4D78-AA75-5E6B436D51B0}.Release|x64.ActiveCfg = Release|x64
		{77F9242C-2D65-4D78-AA75-5E6B436D51B0}.Release|x64.Build.0 = Release|x64
		{77F9242C-2D65-4D78-AA75-5E6B436D51B0}.SingleImage|Mixed Platforms.ActiveCfg = Debug|Win32
		{77F9242C-2D65-4D78-AA75-5E6B436D51B0}.SingleImage|Mixed Platforms.Build.0 = Debug|Win32
		{77F9242C-2D65-4D78-AA75-5E6B436D51B0}.SingleImage|Win32.ActiveCfg = Release|Win32
		{77F9242C-2D65-4D78-AA75-5E6B436D51B0}.SingleImage|Win32.Build.0 = Release|Win32
		{77F9242C-2D65-4D78-AA75-5E6B436D51B0}.SingleImage|x64.ActiveCfg = Release|x64
		{77F9242C-2D65-4D78-AA75-5E6B436D51B0}.SingleImage|x64.Build.0 = Release|x64
		{24535ED7-4D0C-40D8-8B56-168FC6ACD72F}.CD_ROM|Mixed Platforms.ActiveCfg = Debug|Win32
		{24535ED7-4D0C-40D8-8B56-168FC6ACD72F}.CD_ROM|Mixed Platforms.Build.0 = Debug|Win32
		{24535ED7-4D0C-40D8-8B56-168FC6ACD72F}.CD_ROM|Win32.ActiveCfg = Release|Win32
		{24535ED7-4D0C-40D8-8B56-168FC6ACD72F}.CD_ROM|Win32.Build.0 = Release|Win32
		{24535ED7-4D0C-40D8-8B56-168FC6ACD72F}.CD_ROM|x64.ActiveCfg = Release|x64
		{24535ED7-4D0C-40D8-8B56-168FC6ACD72F}.CD_ROM|x64.Build.0 = Release|x64
		{24535ED7-4D0C-40D8-8B56-168FC6ACD72F}.Debug|Mixed Platforms.ActiveCfg = Debug|Win32
		{24535ED7-4D0C-40D8-8B56-168FC6ACD72F}.Debug|Mixed Platforms.Build.0 = Debug|Win32
		{24535ED7-4D0C-40D8-8B56-168FC6ACD72F}.Debug|Win32.ActiveCfg = Debug|Win32
		{24535ED7-4D0C-40D8-8B56-168FC6ACD72F}.Debug|Win32.Build.0 = Debug|Win32
		{24535ED7-4D0C-40D8-8B56-168FC6ACD72F}.Debug|x64.ActiveCfg = Debug|x64
		{24535ED7-4D0C-40D8-8B56-168FC6ACD72F}.Debug|x64.Build.0 = Debug|x64
		{24535ED7-4D0C-40D8-8B56-168FC6ACD72F}.DVD-5|Mixed Platforms.ActiveCfg = Debug|Win32
		{24535ED7-4D0C-40D8-8B56-168FC6ACD72F}.DVD-5|Mixed Platforms.Build.0 = Debug|Win32
		{24535ED7-4D0C-40D8-8B56-168FC6ACD72F}.DVD-5|Win32.ActiveCfg = Debug|Win32
		{24535ED7-4D0C-40D8-8B56-168FC6ACD72F}.DVD-5|Win32.Build.0 = Debug|Win32
		{24535ED7-4D0C-40D8-8B56-168FC6ACD72F}.DVD-5|x64.ActiveCfg = Debug|x64
		{24535ED7-4D0C-40D8-8B56-168FC6ACD72F}.DVD-5|x64.Build.0 = Debug|x64
		{24535ED7-4D0C-40D8-8B56-168FC6ACD72F}.Release|Mixed Platforms.ActiveCfg = Release|Win32
		{24535ED7-4D0C-40D8-8B56-168FC6ACD72F}.Release|Mixed Platforms.Build.0 = Release|Win32
		{24535ED7-4D0C-40D8-8B56-168FC6ACD72F}.Release|Win32.ActiveCfg = Release|Win32
		{24535ED7-4D0C-40D8-8B56-168FC6ACD72F}.Release|Win32.Build.0 = Release|Win32
		{24535ED7-4D0C-40D8-8B56-168FC6ACD72F}.Release|x64.ActiveCfg = Release|x64
		{24535ED7-4D0C-40D8-8B56-168FC6ACD72F}.Release|x64.Build.0 = Release|x64
		{24535ED7-4D0C-40D8-8B56-168FC6ACD72F}.SingleImage|Mixed Platforms.ActiveCfg = Debug|Win32
		{24535ED7-4D0C-40D8-8B56-168FC6ACD72F}.SingleImage|Mixed Platforms.Build.0 = Debug|Win32
		{24535ED7-4D0C-40D8-8B56-168FC6ACD72F}.SingleImage|Win32.ActiveCfg = Release|Win32
		{24535ED7-4D0C-40D8-8B56-168FC6ACD72F}.SingleImage|Win32.Build.0 = Release|Win32
		{24535ED7-4D0C-40D8-8B56-168FC6ACD72F}.SingleImage|x64.ActiveCfg = Release|x64
		{24535ED7-4D0C-40D8-8B56-168FC6ACD72F}.SingleImage|x64.Build.0 = Release|x64
		{E69D43C5-4160-48A6-B0CC-F34A90873462}.CD_ROM|Mixed Platforms.ActiveCfg = Debug|Win32
		{E69D43C5-4160-48A6-B0CC-F34A90873462}.CD_ROM|Mixed Platforms.Build.0 = Debug|Win32
		{E69D43C5-4160-48A6-B0CC-F34A90873462}.CD_ROM|Win32.ActiveCfg = Release|Win32
		{E69D43C5-4160-48A6-B0CC-F34A90873462}.CD_ROM|Win32.Build.0 = Release|Win32
		{E69D43C5-4160-48A6-B0CC-F34A90873462}.CD_ROM|x64.ActiveCfg = Release|x64
		{E69D43C5-4160-48A6-B0CC-F34A90873462}.CD_ROM|x64.Build.0 = Release|x64
		{E69D43C5-4160-48A6-B0CC-F34A90873462}.Debug|Mixed Platforms.ActiveCfg = Debug|Win32
		{E69D43C5-4160-48A6-B0CC-F34A90873462}.Debug|Mixed Platforms.Build.0 = Debug|Win32
		{E69D43C5-4160-48A6-B0CC-F34A90873462}.Debug|Win32.ActiveCfg = Debug|Win32
		{E69D43C5-4160-48A6-B0CC-F34A90873462}.Debug|Win32.Build.0 = Debug|Win32
		{E69D43C5-4160-48A6-B0CC-F34A90873462}.Debug|x64.ActiveCfg = Debug|x64
		{E69D43C5-4160-48A6-B0CC-F34A90873462}.Debug|x64.Build.0 = Debug|x64
		{E69D43C5-4160-48A6-B0CC-F34A90873462}.DVD-5|Mixed Platforms.ActiveCfg = Debug|Win32
		{E69D43C5-4160-48A6-B0CC-F34A90873462}.DVD-5|Mixed Platforms.Build.0 = Debug|Win32
		{E69D43C5-4160-48A6-B0CC-F34A90873462}.DVD-5|Win32.ActiveCfg = Debug|Win32
		{E69D43C5-4160-48A6-B0CC-F34A90873462}.DVD-5|Win32.Build.0 = Debug|Win32
		{E69D43C5-4160-48A6-B0CC-F34A90873462}.DVD-5|x64.ActiveCfg = Debug|x64
		{E69D43C5-4160-48A6-B0CC-F34A90873462}.DVD-5|x64.Build.0 = Debug|x64
		{E69D43C5-4160-48A6-B0CC-F34A90873462}.Release|Mixed Platforms.ActiveCfg = Release|Win32
		{E69D43C5-4160-48A6-B0CC-F34A90873462}.Release|Mixed Platforms.Build.0 = Release|Win32
		{E69D43C5-4160-48A6-B0CC-F34A90873462}.Release|Win32.ActiveCfg = Release|Win32
		{E69D43C5-4160-48A6-B0CC-F34A90873462}.Release|Win32.Build.0 = Release|Win32
		{E69D43C5-4160-48A6-B0CC-F34A90873462}.Release|x64.ActiveCfg = Release|x64
		{E69D43C5-4160-48A6-B0CC-F34A90873462}.Release|x64.Build.0 = Release|x64
		{E69D43C5-4160-48A6-B0CC-F34A90873462}.SingleImage|Mixed Platforms.ActiveCfg = Debug|Win32
		{E69D43C5-4160-48A6-B0CC-F34A90873462}.SingleImage|Mixed Platforms.Build.0 = Debug|Win32
		{E69D43C5-4160-48A6-B0CC-F34A90873462}.SingleImage|Win32.ActiveCfg = Release|Win32
		{E69D43C5-4160-48A6-B0CC-F34A90873462}.SingleImage|Win32.Build.0 = Release|Win32
		{E69D43C5-4160-48A6-B0CC-F34A90873462}.SingleImage|x64.ActiveCfg = Release|x64
		{E69D43C5-4160-48A6-B0CC-F34A90873462}.SingleImage|x64.Build.0 = Release|x64
		{FFE914EC-932A-4285-BF65-9018BDFFFA3C}.CD_ROM|Mixed Platforms.ActiveCfg = Debug|Win32
		{FFE914EC-932A-4285-BF65-9018BDFFFA3C}.CD_ROM|Mixed Platforms.Build.0 = Debug|Win32
		{FFE914EC-932A-4285-BF65-9018BDFFFA3C}.CD_ROM|Win32.ActiveCfg = Release|Win32
		{FFE914EC-932A-4285-BF65-9018BDFFFA3C}.CD_ROM|Win32.Build.0 = Release|Win32
		{FFE914EC-932A-4285-BF65-9018BDFFFA3C}.CD_ROM|x64.ActiveCfg = Release|x64
		{FFE914EC-932A-4285-BF65-9018BDFFFA3C}.CD_ROM|x64.Build.0 = Release|x64
		{FFE914EC-932A-4285-BF65-9018BDFFFA3C}.Debug|Mixed Platforms.ActiveCfg = Debug|Win32
		{FFE914EC-932A-4285-BF65-9018BDFFFA3C}.Debug|Mixed Platforms.Build.0 = Debug|Win32
		{FFE914EC-932A-4285-BF65-9018BDFFFA3C}.Debug|Win32.ActiveCfg = Debug|Win32
		{FFE914EC-932A-4285-BF65-9018BDFFFA3C}.Debug|Win32.Build.0 = Debug|Win32
		{FFE914EC-932A-4285-BF65-9018BDFFFA3C}.Debug|x64.ActiveCfg = Debug|x64
		{FFE914EC-932A-4285-BF65-9018BDFFFA3C}.Debug|x64.Build.0 = Debug|x64
		{FFE914EC-932A-4285-BF65-9018BDFFFA3C}.DVD-5|Mixed Platforms.ActiveCfg = Debug|Win32
		{FFE914EC-932A-4285-BF65-9018BDFFFA3C}.DVD-5|Mixed Platforms.Build.0 = Debug|Win32
		{FFE914EC-932A-4285-BF65-9018BDFFFA3C}.DVD-5|Win32.ActiveCfg = Debug|Win32
		{FFE914EC-932A-4285-BF65-9018BDFFFA3C}.DVD-5|Win32.Build.0 = Debug|Win32
		{FFE914EC-932A-4285-BF65-9018BDFFFA3C}.DVD-5|x64.ActiveCfg = Debug|x64
		{FFE914EC-932A-4285-BF65-9018BDFFFA3C}.DVD-5|x64.Build.0 = Debug|x64
		{FFE914EC-932A-4285-BF65-9018BDFFFA3C}.Release|Mixed Platforms.ActiveCfg = Release|Win32
		{FFE914EC-932A-4285-BF65-9018BDFFFA3C}.Release|Mixed Platforms.Build.0 = Release|Win32
		{FFE914EC-932A-4285-BF65-9018BDFFFA3C}.Release|Win32.ActiveCfg = Release|Win32
		{FFE914EC-932A-4285-BF65-9018BDFFFA3C}.Release|Win32.Build.0 = Release|Win32
		{FFE914EC-932A-4285-BF65-9018BDFFFA3C}.Release|x64.ActiveCfg = Release|x64
		{FFE914EC-932A-4285-BF65-9018BDFFFA3C}.Release|x64.Build.0 = Release|x64
		{FFE914EC-932A-4285-BF65-9018BDFFFA3C}.SingleImage|Mixed Platforms.ActiveCfg = Debug|Win32
		{FFE914EC-932A-4285-BF65-9018BDFFFA3C}.SingleImage|Mixed Platforms.Build.0 = Debug|Win32
		{FFE914EC-932A-4285-BF65-9018BDFFFA3C}.SingleImage|Win32.ActiveCfg = Release|Win32
		{FFE914EC-932A-4285-BF65-9018BDFFFA3C}.SingleImage|Win32.Build.0 = Release|Win32
		{FFE914EC-932A-4285-BF65-9018BDFFFA3C}.SingleImage|x64.ActiveCfg = Release|x64
		{FFE914EC-932A-4285-BF65-9018BDFFFA3C}.SingleImage|x64.Build.0 = Release|x64
		{B56FF48E-B6AF-4328-ADAA-AC96CA684E0F}.CD_ROM|Mixed Platforms.ActiveCfg = Debug|Win32
		{B56FF48E-B6AF-4328-ADAA-AC96CA684E0F}.CD_ROM|Mixed Platforms.Build.0 = Debug|Win32
		{B56FF48E-B6AF-4328-ADAA-AC96CA684E0F}.CD_ROM|Win32.ActiveCfg = Release|Win32
		{B56FF48E-B6AF-4328-ADAA-AC96CA684E0F}.CD_ROM|Win32.Build.0 = Release|Win32
		{B56FF48E-B6AF-4328-ADAA-AC96CA684E0F}.CD_ROM|x64.ActiveCfg = Release|x64
		{B56FF48E-B6AF-4328-ADAA-AC96CA684E0F}.CD_ROM|x64.Build.0 = Release|x64
		{B56FF48E-B6AF-4328-ADAA-AC96CA684E0F}.Debug|Mixed Platforms.ActiveCfg = Debug|Win32
		{B56FF48E-B6AF-4328-ADAA-AC96CA684E0F}.Debug|Mixed Platforms.Build.0 = Debug|Win32
		{B56FF48E-B6AF-4328-ADAA-AC96CA684E0F}.Debug|Win32.ActiveCfg = Debug|Win32
		{B56FF48E-B6AF-4328-ADAA-AC96CA684E0F}.Debug|Win32.Build.0 = Debug|Win32
		{B56FF48E-B6AF-4328-ADAA-AC96CA684E0F}.Debug|x64.ActiveCfg = Debug|x64
		{B56FF48E-B6AF-4328-ADAA-AC96CA684E0F}.Debug|x64.Build.0 = Debug|x64
		{B56FF48E-B6AF-4328-ADAA-AC96CA684E0F}.DVD-5|Mixed Platforms.ActiveCfg = Debug|Win32
		{B56FF48E-B6AF-4328-ADAA-AC96CA684E0F}.DVD-5|Mixed Platforms.Build.0 = Debug|Win32
		{B56FF48E-B6AF-4328-ADAA-AC96CA684E0F}.DVD-5|Win32.ActiveCfg = Debug|Win32
		{B56FF48E-B6AF-4328-ADAA-AC96CA684E0F}.DVD-5|Win32.Build.0 = Debug|Win32
		{B56FF48E-B6AF-4328-ADAA-AC96CA684E0F}.DVD-5|x64.ActiveCfg = Debug|x64
		{B56FF48E-B6AF-4328-ADAA-AC96CA684E0F}.DVD-5|x64.Build.0 = Debug|x64
		{B56FF48E-B6AF-4328-ADAA-AC96CA684E0F}.Release|Mixed Platforms.ActiveCfg = Release|Win32
		{B56FF48E-B6AF-4328-ADAA-AC96CA684E0F}.Release|Mixed Platforms.Build.0 = Release|Win32
		{B56FF48E-B6AF-4328-ADAA-AC96CA684E0F}.Release|Win32.ActiveCfg = Release|Win32
		{B56FF48E-B6AF-4328-ADAA-AC96CA684E0F}.Release|Win32.Build.0 = Release|Win32
		{B56FF48E-B6AF-4328-ADAA-AC96CA684E0F}.Release|x64.ActiveCfg = Release|x64
		{B56FF48E-B6AF-4328-ADAA-AC96CA684E0F}.Release|x64.Build.0 = Release|x64
		{B56FF48E-B6AF-4328-ADAA-AC96CA684E0F}.SingleImage|Mixed Platforms.ActiveCfg = Debug|Win32
		{B56FF48E-B6AF-4328-ADAA-AC96CA684E0F}.SingleImage|Mixed Platforms.Build.0 = Debug|Win32
		{B56FF48E-B6AF-4328-ADAA-AC96CA684E0F}.SingleImage|Win32.ActiveCfg = Release|Win32
		{B56FF48E-B6AF-4328-ADAA-AC96CA684E0F}.SingleImage|Win32.Build.0 = Release|Win32
		{B56FF48E-B6AF-4328-ADAA-AC96CA684E0F}.SingleImage|x64.ActiveCfg = Release|x64
		{B56FF48E-B6AF-4328-ADAA-AC96CA684E0F}.SingleImage|x64.Build.0 = Release|x64
		{85867AB6-DF6D-454D-8819-B3FEE50933FC}.CD_ROM|Mixed Platforms.ActiveCfg = Debug|Win32
		{85867AB6-DF6D-454D-8819-B3FEE50933FC}.CD_ROM|Mixed Platforms.Build.0 = Debug|Win32
		{85867AB6-DF6D-454D-8819-B3FEE50933FC}.CD_ROM|Win32.ActiveCfg = Release|Win32
		{85867AB6-DF6D-454D-8819-B3FEE50933FC}.CD_ROM|Win32.Build.0 = Release|Win32
		{85867AB6-DF6D-454D-8819-B3FEE50933FC}.CD_ROM|x64.ActiveCfg = Release|x64
		{85867AB6-DF6D-454D-8819-B3FEE50933FC}.CD_ROM|x64.Build.0 = Release|x64
		{85867AB6-DF6D-454D-8819-B3FEE50933FC}.Debug|Mixed Platforms.ActiveCfg = Debug|Win32
		{85867AB6-DF6D-454D-8819-B3FEE50933FC}.Debug|Mixed Platforms.Build.0 = Debug|Win32
		{85867AB6-DF6D-454D-8819-B3FEE50933FC}.Debug|Win32.ActiveCfg = Debug|Win32
		{85867AB6-DF6D-454D-8819-B3FEE50933FC}.Debug|Win32.Build.0 = Debug|Win32
		{85867AB6-DF6D-454D-8819-B3FEE50933FC}.Debug|x64.ActiveCfg = Debug|x64
		{85867AB6-DF6D-454D-8819-B3FEE50933FC}.Debug|x64.Build.0 = Debug|x64
		{85867AB6-DF6D-454D-8819-B3FEE50933FC}.DVD-5|Mixed Platforms.ActiveCfg = Debug|Win32
		{85867AB6-DF6D-454D-8819-B3FEE50933FC}.DVD-5|Mixed Platforms.Build.0 = Debug|Win32
		{85867AB6-DF6D-454D-8819-B3FEE50933FC}.DVD-5|Win32.ActiveCfg = Debug|Win32
		{85867AB6-DF6D-454D-8819-B3FEE50933FC}.DVD-5|Win32.Build.0 = Debug|Win32
		{85867AB6-DF6D-454D-8819-B3FEE50933FC}.DVD-5|x64.ActiveCfg = Debug|x64
		{85867AB6-DF6D-454D-8819-B3FEE50933FC}.DVD-5|x64.Build.0 = Debug|x64
		{85867AB6-DF6D-454D-8819-B3FEE50933FC}.Release|Mixed Platforms.ActiveCfg = Release|Win32
		{85867AB6-DF6D-454D-8819-B3FEE50933FC}.Release|Mixed Platforms.Build.0 = Release|Win32
		{85867AB6-DF6D-454D-8819-B3FEE50933FC}.Release|Win32.ActiveCfg = Release|Win32
		{85867AB6-DF6D-454D-8819-B3FEE50933FC}.Release|Win32.Build.0 = Release|Win32
		{85867AB6-DF6D-454D-8819-B3FEE50933FC}.Release|x64.ActiveCfg = Release|x64
		{85867AB6-DF6D-454D-8819-B3FEE50933FC}.Release|x64.Build.0 = Release|x64
		{85867AB6-DF6D-454D-8819-B3FEE50933FC}.SingleImage|Mixed Platforms.ActiveCfg = Debug|Win32
		{85867AB6-DF6D-454D-8819-B3FEE50933FC}.SingleImage|Mixed Platforms.Build.0 = Debug|Win32
		{85867AB6-DF6D-454D-8819-B3FEE50933FC}.SingleImage|Win32.ActiveCfg = Release|Win32
		{85867AB6-DF6D-454D-8819-B3FEE50933FC}.SingleImage|Win32.Build.0 = Release|Win32
		{85867AB6-DF6D-454D-8819-B3FEE50933FC}.SingleImage|x64.ActiveCfg = Release|x64
		{85867AB6-DF6D-454D-8819-B3FEE50933FC}.SingleImage|x64.Build.0 = Release|x64
		{5BB6D1CE-E9B8-48DC-8073-05C6AE21A9E0}.CD_ROM|Mixed Platforms.ActiveCfg = Debug|Win32
		{5BB6D1CE-E9B8-48DC-8073-05C6AE21A9E0}.CD_ROM|Mixed Platforms.Build.0 = Debug|Win32
		{5BB6D1CE-E9B8-48DC-8073-05C6AE21A9E0}.CD_ROM|Win32.ActiveCfg = Release|Win32
		{5BB6D1CE-E9B8-48DC-8073-05C6AE21A9E0}.CD_ROM|Win32.Build.0 = Release|Win32
		{5BB6D1CE-E9B8-48DC-8073-05C6AE21A9E0}.CD_ROM|x64.ActiveCfg = Release|x64
		{5BB6D1CE-E9B8-48DC-8073-05C6AE21A9E0}.CD_ROM|x64.Build.0 = Release|x64
		{5BB6D1CE-E9B8-48DC-8073-05C6AE21A9E0}.Debug|Mixed Platforms.ActiveCfg = Debug|Win32
		{5BB6D1CE-E9B8-48DC-8073-05C6AE21A9E0}.Debug|Mixed Platforms.Build.0 = Debug|Win32
		{5BB6D1CE-E9B8-48DC-8073-05C6AE21A9E0}.Debug|Win32.ActiveCfg = Debug|Win32
		{5BB6D1CE-E9B8-48DC-8073-05C6AE21A9E0}.Debug|Win32.Build.0 = Debug|Win32
		{5BB6D1CE-E9B8-48DC-8073-05C6AE21A9E0}.Debug|x64.ActiveCfg = Debug|x64
		{5BB6D1CE-E9B8-48DC-8073-05C6AE21A9E0}.Debug|x64.Build.0 = Debug|x64
		{5BB6D1CE-E9B8-48DC-8073-05C6AE21A9E0}.DVD-5|Mixed Platforms.ActiveCfg = Debug|Win32
		{5BB6D1CE-E9B8-48DC-8073-05C6AE21A9E0}.DVD-5|Mixed Platforms.Build.0 = Debug|Win32
		{5BB6D1CE-E9B8-48DC-8073-05C6AE21A9E0}.DVD-5|Win32.ActiveCfg = Debug|Win32
		{5BB6D1CE-E9B8-48DC-8073-05C6AE21A9E0}.DVD-5|Win32.Build.0 = Debug|Win32
		{5BB6D1CE-E9B8-48DC-8073-05C6AE21A9E0}.DVD-5|x64.ActiveCfg = Debug|x64
		{5BB6D1CE-E9B8-48DC-8073-05C6AE21A9E0}.DVD-5|x64.Build.0 = Debug|x64
		{5BB6D1CE-E9B8-48DC-8073-05C6AE21A9E0}.Release|Mixed Platforms.ActiveCfg = Release|Win32
		{5BB6D1CE-E9B8-48DC-8073-05C6AE21A9E0}.Release|Mixed Platforms.Build.0 = Release|Win32
		{5BB6D1CE-E9B8-48DC-8073-05C6AE21A9E0}.Release|Win32.ActiveCfg = Release|Win32
		{5BB6D1CE-E9B8-48DC-8073-05C6AE21A9E0}.Release|Win32.Build.0 = Release|Win32
		{5BB6D1CE-E9B8-48DC-8073-05C6AE21A9E0}.Release|x64.ActiveCfg = Release|x64
		{5BB6D1CE-E9B8-48DC-8073-05C6AE21A9E0}.Release|x64.Build.0 = Release|x64
		{5BB6D1CE-E9B8-48DC-8073-05C6AE21A9E0}.SingleImage|Mixed Platforms.ActiveCfg = Debug|Win32
		{5BB6D1CE-E9B8-48DC-8073-05C6AE21A9E0}.SingleImage|Mixed Platforms.Build.0 = Debug|Win32
		{5BB6D1CE-E9B8-48DC-8073-05C6AE21A9E0}.SingleImage|Win32.ActiveCfg = Release|Win32
		{5BB6D1CE-E9B8-48DC-8073-05C6AE21A9E0}.SingleImage|Win32.Build.0 = Release|Win32
		{5BB6D1CE-E9B8-48DC-8073-05C6AE21A9E0}.SingleImage|x64.ActiveCfg = Release|x64
		{5BB6D1CE-E9B8-48DC-8073-05C6AE21A9E0}.SingleImage|x64.Build.0 = Release|x64
		{F12B8AA7-3220-4C3A-9BF3-64F5D4289B64}.CD_ROM|Mixed Platforms.ActiveCfg = Debug|Win32
		{F12B8AA7-3220-4C3A-9BF3-64F5D4289B64}.CD_ROM|Mixed Platforms.Build.0 = Debug|Win32
		{F12B8AA7-3220-4C3A-9BF3-64F5D4289B64}.CD_ROM|Win32.ActiveCfg = Release|Win32
		{F12B8AA7-3220-4C3A-9BF3-64F5D4289B64}.CD_ROM|Win32.Build.0 = Release|Win32
		{F12B8AA7-3220-4C3A-9BF3-64F5D4289B64}.CD_ROM|x64.ActiveCfg = Release|x64
		{F12B8AA7-3220-4C3A-9BF3-64F5D4289B64}.CD_ROM|x64.Build.0 = Release|x64
		{F12B8AA7-3220-4C3A-9BF3-64F5D4289B64}.Debug|Mixed Platforms.ActiveCfg = Debug|Win32
		{F12B8AA7-3220-4C3A-9BF3-64F5D4289B64}.Debug|Mixed Platforms.Build.0 = Debug|Win32
		{F12B8AA7-3220-4C3A-9BF3-64F5D4289B64}.Debug|Win32.ActiveCfg = Debug|Win32
		{F12B8AA7-3220-4C3A-9BF3-64F5D4289B64}.Debug|Win32.Build.0 = Debug|Win32
		{F12B8AA7-3220-4C3A-9BF3-64F5D4289B64}.Debug|x64.ActiveCfg = Debug|x64
		{F12B8AA7-3220-4C3A-9BF3-64F5D4289B64}.Debug|x64.Build.0 = Debug|x64
		{F12B8AA7-3220-4C3A-9BF3-64F5D4289B64}.DVD-5|Mixed Platforms.ActiveCfg = Debug|Win32
		{F12B8AA7-3220-4C3A-9BF3-64F5D4289B64}.DVD-5|Mixed Platforms.Build.0 = Debug|Win32
		{F12B8AA7-3220-4C3A-9BF3-64F5D4289B64}.DVD-5|Win32.ActiveCfg = Debug|Win32
		{F12B8AA7-3220-4C3A-9BF3-64F5D4289B64}.DVD-5|Win32.Build.0 = Debug|Win32
		{F12B8AA7-3220-4C3A-9BF3-64F5D4289B64}.DVD-5|x64.ActiveCfg = Debug|x64
		{F12B8AA7-3220-4C3A-9BF3-64F5D4289B64}.DVD-5|x64.Build.0 = Debug|x64
		{F12B8AA7-3220-4C3A-9BF3-64F5D4289B64}.Release|Mixed Platforms.ActiveCfg = Release|Win32
		{F12B8AA7-3220-4C3A-9BF3-64F5D4289B64}.Release|Mixed Platforms.Build.0 = Release|Win32
		{F12B8AA7-3220-4C3A-9BF3-64F5D4289B64}.Release|Win32.ActiveCfg = Release|Win32
		{F12B8AA7-3220-4C3A-9BF3-64F5D4289B64}.Release|Win32.Build.0 = Release|Win32
		{F12B8AA7-3220-4C3A-9BF3-64F5D4289B64}.Release|x64.ActiveCfg = Release|x64
		{F12B8AA7-3220-4C3A-9BF3-64F5D4289B64}.Release|x64.Build.0 = Release|x64
		{F12B8AA7-3220-4C3A-9BF3-64F5D4289B64}.SingleImage|Mixed Platforms.ActiveCfg = Debug|Win32
		{F12B8AA7-3220-4C3A-9BF3-64F5D4289B64}.SingleImage|Mixed Platforms.Build.0 = Debug|Win32
		{F12B8AA7-3220-4C3A-9BF3-64F5D4289B64}.SingleImage|Win32.ActiveCfg = Release|Win32
		{F12B8AA7-3220-4C3A-9BF3-64F5D4289B64}.SingleImage|Win32.Build.0 = Release|Win32
		{F12B8AA7-3220-4C3A-9BF3-64F5D4289B64}.SingleImage|x64.ActiveCfg = Release|x64
		{F12B8AA7-3220-4C3A-9BF3-64F5D4289B64}.SingleImage|x64.Build.0 = Release|x64
		{A7CBE73A-BCD4-453B-8ADD-DA32B0D0DE7D}.CD_ROM|Mixed Platforms.ActiveCfg = Debug|Win32
		{A7CBE73A-BCD4-453B-8ADD-DA32B0D0DE7D}.CD_ROM|Mixed Platforms.Build.0 = Debug|Win32
		{A7CBE73A-BCD4-453B-8ADD-DA32B0D0DE7D}.CD_ROM|Win32.ActiveCfg = Release|Win32
		{A7CBE73A-BCD4-453B-8ADD-DA32B0D0DE7D}.CD_ROM|Win32.Build.0 = Release|Win32
		{A7CBE73A-BCD4-453B-8ADD-DA32B0D0DE7D}.CD_ROM|x64.ActiveCfg = Release|x64
		{A7CBE73A-BCD4-453B-8ADD-DA32B0D0DE7D}.CD_ROM|x64.Build.0 = Release|x64
		{A7CBE73A-BCD4-453B-8ADD-DA32B0D0DE7D}.Debug|Mixed Platforms.ActiveCfg = Debug|Win32
		{A7CBE73A-BCD4-453B-8ADD-DA32B0D0DE7D}.Debug|Mixed Platforms.Build.0 = Debug|Win32
		{A7CBE73A-BCD4-453B-8ADD-DA32B0D0DE7D}.Debug|Win32.ActiveCfg = Debug|Win32
		{A7CBE73A-BCD4-453B-8ADD-DA32B0D0DE7D}.Debug|Win32.Build.0 = Debug|Win32
		{A7CBE73A-BCD4-453B-8ADD-DA32B0D0DE7D}.Debug|x64.ActiveCfg = Debug|x64
		{A7CBE73A-BCD4-453B-8ADD-DA32B0D0DE7D}.Debug|x64.Build.0 = Debug|x64
		{A7CBE73A-BCD4-453B-8ADD-DA32B0D0DE7D}.DVD-5|Mixed Platforms.ActiveCfg = Debug|Win32
		{A7CBE73A-BCD4-453B-8ADD-DA32B0D0DE7D}.DVD-5|Mixed Platforms.Build.0 = Debug|Win32
		{A7CBE73A-BCD4-453B-8ADD-DA32B0D0DE7D}.DVD-5|Win32.ActiveCfg = Debug|Win32
		{A7CBE73A-BCD4-453B-8ADD-DA32B0D0DE7D}.DVD-5|Win32.Build.0 = Debug|Win32
		{A7CBE73A-BCD4-453B-8ADD-DA32B0D0DE7D}.DVD-5|x64.ActiveCfg = Debug|x64
		{A7CBE73A-BCD4-453B-8ADD-DA32B0D0DE7D}.DVD-5|x64.Build.0 = Debug|x64
		{A7CBE73A-BCD4-453B-8ADD-DA32B0D0DE7D}.Release|Mixed Platforms.ActiveCfg = Release|Win32
		{A7CBE73A-BCD4-453B-8ADD-DA32B0D0DE7D}.Release|Mixed Platforms.Build.0 = Release|Win32
		{A7CBE73A-BCD4-453B-8ADD-DA32B0D0DE7D}.Release|Win32.ActiveCfg = Release|Win32
		{A7CBE73A-BCD4-453B-8ADD-DA32B0D0DE7D}.Release|Win32.Build.0 = Release|Win32
		{A7CBE73A-BCD4-453B-8ADD-DA32B0D0DE7D}.Release|x64.ActiveCfg = Release|x64
		{A7CBE73A-BCD4-453B-8ADD-DA32B0D0DE7D}.Release|x64.Build.0 = Release|x64
		{A7CBE73A-BCD4-453B-8ADD-DA32B0D0DE7D}.SingleImage|Mixed Platforms.ActiveCfg = Debug|Win32
		{A7CBE73A-BCD4-453B-8ADD-DA32B0D0DE7D}.SingleImage|Mixed Platforms.Build.0 = Debug|Win32
		{A7CBE73A-BCD4-453B-8ADD-DA32B0D0DE7D}.SingleImage|Win32.ActiveCfg = Release|Win32
		{A7CBE73A-BCD4-453B-8ADD-DA32B0D0DE7D}.SingleImage|Win32.Build.0 = Release|Win32
		{A7CBE73A-BCD4-453B-8ADD-DA32B0D0DE7D}.SingleImage|x64.ActiveCfg = Release|x64
		{A7CBE73A-BCD4-453B-8ADD-DA32B0D0DE7D}.SingleImage|x64.Build.0 = Release|x64
		{59CB1D22-A85F-4CC2-81C6-BF63458377DC}.CD_ROM|Mixed Platforms.ActiveCfg = Debug|Win32
		{59CB1D22-A85F-4CC2-81C6-BF63458377DC}.CD_ROM|Mixed Platforms.Build.0 = Debug|Win32
		{59CB1D22-A85F-4CC2-81C6-BF63458377DC}.CD_ROM|Win32.ActiveCfg = Release|Win32
		{59CB1D22-A85F-4CC2-81C6-BF63458377DC}.CD_ROM|Win32.Build.0 = Release|Win32
		{59CB1D22-A85F-4CC2-81C6-BF63458377DC}.CD_ROM|x64.ActiveCfg = Release|x64
		{59CB1D22-A85F-4CC2-81C6-BF63458377DC}.CD_ROM|x64.Build.0 = Release|x64
		{59CB1D22-A85F-4CC2-81C6-BF63458377DC}.Debug|Mixed Platforms.ActiveCfg = Debug|Win32
		{59CB1D22-A85F-4CC2-81C6-BF63458377DC}.Debug|Mixed Platforms.Build.0 = Debug|Win32
		{59CB1D22-A85F-4CC2-81C6-BF63458377DC}.Debug|Win32.ActiveCfg = Debug|Win32
		{59CB1D22-A85F-4CC2-81C6-BF63458377DC}.Debug|Win32.Build.0 = Debug|Win32
		{59CB1D22-A85F-4CC2-81C6-BF63458377DC}.Debug|x64.ActiveCfg = Debug|x64
		{59CB1D22-A85F-4CC2-81C6-BF63458377DC}.Debug|x64.Build.0 = Debug|x64
		{59CB1D22-A85F-4CC2-81C6-BF63458377DC}.DVD-5|Mixed Platforms.ActiveCfg = Debug|Win32
		{59CB1D22-A85F-4CC2-81C6-BF63458377DC}.DVD-5|Mixed Platforms.Build.0 = Debug|Win32
		{59CB1D22-A85F-4CC2-81C6-BF63458377DC}.DVD-5|Win32.ActiveCfg = Debug|Win32
		{59CB1D22-A85F-4CC2-81C6-BF63458377DC}.DVD-5|Win32.Build.0 = Debug|Win32
		{59CB1D22-A85F-4CC2-81C6-BF63458377DC}.DVD-5|x64.ActiveCfg = Debug|x64
		{59CB1D22-A85F-4CC2-81C6-BF63458377DC}.DVD-5|x64.Build.0 = Debug|x64
		{59CB1D22-A85F-4CC2-81C6-BF63458377DC}.Release|Mixed Platforms.ActiveCfg = Release|Win32
		{59CB1D22-A85F-4CC2-81C6-BF63458377DC}.Release|Mixed Platforms.Build.0 = Release|Win32
		{59CB1D22-A85F-4CC2-81C6-BF63458377DC}.Release|Win32.ActiveCfg = Release|Win32
		{59CB1D22-A85F-4CC2-81C6-BF63458377DC}.Release|Win32.Build.0 = Release|Win32
		{59CB1D22-A85F-4CC2-81C6-BF63458377DC}.Release|x64.ActiveCfg = Release|x64
		{59CB1D22-A85F-4CC2-81C6-BF63458377DC}.Release|x64.Build.0 = Release|x64
		{59CB1D22-A85F-4CC2-81C6-BF63458377DC}.SingleImage|Mixed Platforms.ActiveCfg = Debug|Win32
		{59CB1D22-A85F-4CC2-81C6-BF63458377DC}.SingleImage|Mixed Platforms.Build.0 = Debug|Win32
		{59CB1D22-A85F-4CC2-81C6-BF63458377DC}.SingleImage|Win32.ActiveCfg = Release|Win32
		{59CB1D22-A85F-4CC2-81C6-BF63458377DC}.SingleImage|Win32.Build.0 = Release|Win32
		{59CB1D22-A85F-4CC2-81C6-BF63458377DC}.SingleImage|x64.ActiveCfg = Release|x64
		{59CB1D22-A85F-4CC2-81C6-BF63458377DC}.SingleImage|x64.Build.0 = Release|x64
		{927E4BB8-843F-4BD2-83D2-58E8BDEB1A92}.CD_ROM|Mixed Platforms.ActiveCfg = Debug|Win32
		{927E4BB8-843F-4BD2-83D2-58E8BDEB1A92}.CD_ROM|Mixed Platforms.Build.0 = Debug|Win32
		{927E4BB8-843F-4BD2-83D2-58E8BDEB1A92}.CD_ROM|Win32.ActiveCfg = Release|Win32
		{927E4BB8-843F-4BD2-83D2-58E8BDEB1A92}.CD_ROM|Win32.Build.0 = Release|Win32
		{927E4BB8-843F-4BD2-83D2-58E8BDEB1A92}.CD_ROM|x64.ActiveCfg = Release|x64
		{927E4BB8-843F-4BD2-83D2-58E8BDEB1A92}.CD_ROM|x64.Build.0 = Release|x64
		{927E4BB8-843F-4BD2-83D2-58E8BDEB1A92}.Debug|Mixed Platforms.ActiveCfg = Debug|Win32
		{927E4BB8-843F-4BD2-83D2-58E8BDEB1A92}.Debug|Mixed Platforms.Build.0 = Debug|Win32
		{927E4BB8-843F-4BD2-83D2-58E8BDEB1A92}.Debug|Win32.ActiveCfg = Debug|Win32
		{927E4BB8-843F-4BD2-83D2-58E8BDEB1A92}.Debug|Win32.Build.0 = Debug|Win32
		{927E4BB8-843F-4BD2-83D2-58E8BDEB1A92}.Debug|x64.ActiveCfg = Debug|x64
		{927E4BB8-843F-4BD2-83D2-58E8BDEB1A92}.Debug|x64.Build.0 = Debug|x64
		{927E4BB8-843F-4BD2-83D2-58E8BDEB1A92}.DVD-5|Mixed Platforms.ActiveCfg = Debug|Win32
		{927E4BB8-843F-4BD2-83D2-58E8BDEB1A92}.DVD-5|Mixed Platforms.Build.0 = Debug|Win32
		{927E4BB8-843F-4BD2-83D2-58E8BDEB1A92}.DVD-5|Win32.ActiveCfg = Debug|Win32
		{927E4BB8-843F-4BD2-83D2-58E8BDEB1A92}.DVD-5|Win32.Build.0 = Debug|Win32
		{927E4BB8-843F-4BD2-83D2-58E8BDEB1A92}.DVD-5|x64.ActiveCfg = Debug|x64
		{927E4BB8-843F-4BD2-83D2-58E8BDEB1A92}.DVD-5|x64.Build.0 = Debug|x64
		{927E4BB8-843F-4BD2-83D2-58E8BDEB1A92}.Release|Mixed Platforms.ActiveCfg = Release|Win32
		{927E4BB8-843F-4BD2-83D2-58E8BDEB1A92}.Release|Mixed Platforms.Build.0 = Release|Win32
		{927E4BB8-843F-4BD2-83D2-58E8BDEB1A92}.Release|Win32.ActiveCfg = Release|Win32
		{927E4BB8-843F-4BD2-83D2-58E8BDEB1A92}.Release|Win32.Build.0 = Release|Win32
		{927E4BB8-843F-4BD2-83D2-58E8BDEB1A92}.Release|x64.ActiveCfg = Release|x64
		{927E4BB8-843F-4BD2-83D2-58E8BDEB1A92}.Release|x64.Build.0 = Release|x64
		{927E4BB8-843F-4BD2-83D2-58E8BDEB1A92}.SingleImage|Mixed Platforms.ActiveCfg = Debug|Win32
		{927E4BB8-843F-4BD2-83D2-58E8BDEB1A92}.SingleImage|Mixed Platforms.Build.0 = Debug|Win32
		{927E4BB8-843F-4BD2-83D2-58E8BDEB1A92}.SingleImage|Win32.ActiveCfg = Release|Win32
		{927E4BB8-843F-4BD2-83D2-58E8BDEB1A92}.SingleImage|Win32.Build.0 = Release|Win32
		{927E4BB8-843F-4BD2-83D2-58E8BDEB1A92}.SingleImage|x64.ActiveCfg = Release|x64
		{927E4BB8-843F-4BD2-83D2-58E8BDEB1A92}.SingleImage|x64.Build.0 = Release|x64
		{54D4CD8F-2B32-41D5-819B-EEB530F52C68}.CD_ROM|Mixed Platforms.ActiveCfg = Debug|Win32
		{54D4CD8F-2B32-41D5-819B-EEB530F52C68}.CD_ROM|Mixed Platforms.Build.0 = Debug|Win32
		{54D4CD8F-2B32-41D5-819B-EEB530F52C68}.CD_ROM|Win32.ActiveCfg = Release|Win32
		{54D4CD8F-2B32-41D5-819B-EEB530F52C68}.CD_ROM|Win32.Build.0 = Release|Win32
		{54D4CD8F-2B32-41D5-819B-EEB530F52C68}.CD_ROM|x64.ActiveCfg = Release|x64
		{54D4CD8F-2B32-41D5-819B-EEB530F52C68}.CD_ROM|x64.Build.0 = Release|x64
		{54D4CD8F-2B32-41D5-819B-EEB530F52C68}.Debug|Mixed Platforms.ActiveCfg = Debug|Win32
		{54D4CD8F-2B32-41D5-819B-EEB530F52C68}.Debug|Mixed Platforms.Build.0 = Debug|Win32
		{54D4CD8F-2B32-41D5-819B-EEB530F52C68}.Debug|Win32.ActiveCfg = Debug|Win32
		{54D4CD8F-2B32-41D5-819B-EEB530F52C68}.Debug|Win32.Build.0 = Debug|Win32
		{54D4CD8F-2B32-41D5-819B-EEB530F52C68}.Debug|x64.ActiveCfg = Debug|x64
		{54D4CD8F-2B32-41D5-819B-EEB530F52C68}.Debug|x64.Build.0 = Debug|x64
		{54D4CD8F-2B32-41D5-819B-EEB530F52C68}.DVD-5|Mixed Platforms.ActiveCfg = Debug|Win32
		{54D4CD8F-2B32-41D5-819B-EEB530F52C68}.DVD-5|Mixed Platforms.Build.0 = Debug|Win32
		{54D4CD8F-2B32-41D5-819B-EEB530F52C68}.DVD-5|Win32.ActiveCfg = Debug|Win32
		{54D4CD8F-2B32-41D5-819B-EEB530F52C68}.DVD-5|Win32.Build.0 = Debug|Win32
		{54D4CD8F-2B32-41D5-819B-EEB530F52C68}.DVD-5|x64.ActiveCfg = Debug|x64
		{54D4CD8F-2B32-41D5-819B-EEB530F52C68}.DVD-5|x64.Build.0 = Debug|x64
		{54D4CD8F-2B32-41D5-819B-EEB530F52C68}.Release|Mixed Platforms.ActiveCfg = Release|Win32
		{54D4CD8F-2B32-41D5-819B-EEB530F52C68}.Release|Mixed Platforms.Build.0 = Release|Win32
		{54D4CD8F-2B32-41D5-819B-EEB530F52C68}.Release|Win32.ActiveCfg = Release|Win32
		{54D4CD8F-2B32-41D5-819B-EEB530F52C68}.Release|Win32.Build.0 = Release|Win32
		{54D4CD8F-2B32-41D5-819B-EEB530F52C68}.Release|x64.ActiveCfg = Release|x64
		{54D4CD8F-2B32-41D5-819B-EEB530F52C68}.Release|x64.Build.0 = Release|x64
		{54D4CD8F-2B32-41D5-819B-EEB530F52C68}.SingleImage|Mixed Platforms.ActiveCfg = Debug|Win32
		{54D4CD8F-2B32-41D5-819B-EEB530F52C68}.SingleImage|Mixed Platforms.Build.0 = Debug|Win32
		{54D4CD8F-2B32-41D5-819B-EEB530F52C68}.SingleImage|Win32.ActiveCfg = Release|Win32
		{54D4CD8F-2B32-41D5-819B-EEB530F52C68}.SingleImage|Win32.Build.0 = Release|Win32
		{54D4CD8F-2B32-41D5-819B-EEB530F52C68}.SingleImage|x64.ActiveCfg = Release|x64
		{54D4CD8F-2B32-41D5-819B-EEB530F52C68}.SingleImage|x64.Build.0 = Release|x64
		{6EB6E7C6-AC53-4E4E-BC4D-B11EF27CA17F}.CD_ROM|Mixed Platforms.ActiveCfg = Debug|Win32
		{6EB6E7C6-AC53-4E4E-BC4D-B11EF27CA17F}.CD_ROM|Mixed Platforms.Build.0 = Debug|Win32
		{6EB6E7C6-AC53-4E4E-BC4D-B11EF27CA17F}.CD_ROM|Win32.ActiveCfg = Release|Win32
		{6EB6E7C6-AC53-4E4E-BC4D-B11EF27CA17F}.CD_ROM|Win32.Build.0 = Release|Win32
		{6EB6E7C6-AC53-4E4E-BC4D-B11EF27CA17F}.CD_ROM|x64.ActiveCfg = Release|x64
		{6EB6E7C6-AC53-4E4E-BC4D-B11EF27CA17F}.CD_ROM|x64.Build.0 = Release|x64
		{6EB6E7C6-AC53-4E4E-BC4D-B11EF27CA17F}.Debug|Mixed Platforms.ActiveCfg = Debug|Win32
		{6EB6E7C6-AC53-4E4E-BC4D-B11EF27CA17F}.Debug|Mixed Platforms.Build.0 = Debug|Win32
		{6EB6E7C6-AC53-4E4E-BC4D-B11EF27CA17F}.Debug|Win32.ActiveCfg = Debug|Win32
		{6EB6E7C6-AC53-4E4E-BC4D-B11EF27CA17F}.Debug|Win32.Build.0 = Debug|Win32
		{6EB6E7C6-AC53-4E4E-BC4D-B11EF27CA17F}.Debug|x64.ActiveCfg = Debug|x64
		{6EB6E7C6-AC53-4E4E-BC4D-B11EF27CA17F}.Debug|x64.Build.0 = Debug|x64
		{6EB6E7C6-AC53-4E4E-BC4D-B11EF27CA17F}.DVD-5|Mixed Platforms.ActiveCfg = Debug|Win32
		{6EB6E7C6-AC53-4E4E-BC4D-B11EF27CA17F}.DVD-5|Mixed Platforms.Build.0 = Debug|Win32
		{6EB6E7C6-AC53-4E4E-BC4D-B11EF27CA17F}.DVD-5|Win32.ActiveCfg = Debug|Win32
		{6EB6E7C6-AC53-4E4E-BC4D-B11EF27CA17F}.DVD-5|Win32.Build.0 = Debug|Win32
		{6EB6E7C6-AC53-4E4E-BC4D-B11EF27CA17F}.DVD-5|x64.ActiveCfg = Debug|x64
		{6EB6E7C6-AC53-4E4E-BC4D-B11EF27CA17F}.DVD-5|x64.Build.0 = Debug|x64
		{6EB6E7C6-AC53-4E4E-BC4D-B11EF27CA17F}.Release|Mixed Platforms.ActiveCfg = Release|Win32
		{6EB6E7C6-AC53-4E4E-BC4D-B11EF27CA17F}.Release|Mixed Platforms.Build.0 = Release|Win32
		{6EB6E7C6-AC53-4E4E-BC4D-B11EF27CA17F}.Release|Win32.ActiveCfg = Release|Win32
		{6EB6E7C6-AC53-4E4E-BC4D-B11EF27CA17F}.Release|Win32.Build.0 = Release|Win32
		{6EB6E7C6-AC53-4E4E-BC4D-B11EF27CA17F}.Release|x64.ActiveCfg = Release|x64
		{6EB6E7C6-AC53-4E4E-BC4D-B11EF27CA17F}.Release|x64.Build.0 = Release|x64
		{6EB6E7C6-AC53-4E4E-BC4D-B11EF27CA17F}.SingleImage|Mixed Platforms.ActiveCfg = Debug|Win32
		{6EB6E7C6-AC53-4E4E-BC4D-B11EF27CA17F}.SingleImage|Mixed Platforms.Build.0 = Debug|Win32
		{6EB6E7C6-AC53-4E4E-BC4D-B11EF27CA17F}.SingleImage|Win32.ActiveCfg = Release|Win32
		{6EB6E7C6-AC53-4E4E-BC4D-B11EF27CA17F}.SingleImage|Win32.Build.0 = Release|Win32
		{6EB6E7C6-AC53-4E4E-BC4D-B11EF27CA17F}.SingleImage|x64.ActiveCfg = Release|x64
		{6EB6E7C6-AC53-4E4E-BC4D-B11EF27CA17F}.SingleImage|x64.Build.0 = Release|x64
		{B142EA1B-E10F-4A67-AFF7-636A5248A791}.CD_ROM|Mixed Platforms.ActiveCfg = Debug|Win32
		{B142EA1B-E10F-4A67-AFF7-636A5248A791}.CD_ROM|Mixed Platforms.Build.0 = Debug|Win32
		{B142EA1B-E10F-4A67-AFF7-636A5248A791}.CD_ROM|Win32.ActiveCfg = Release|Win32
		{B142EA1B-E10F-4A67-AFF7-636A5248A791}.CD_ROM|Win32.Build.0 = Release|Win32
		{B142EA1B-E10F-4A67-AFF7-636A5248A791}.CD_ROM|x64.ActiveCfg = Release|x64
		{B142EA1B-E10F-4A67-AFF7-636A5248A791}.CD_ROM|x64.Build.0 = Release|x64
		{B142EA1B-E10F-4A67-AFF7-636A5248A791}.Debug|Mixed Platforms.ActiveCfg = Debug|Win32
		{B142EA1B-E10F-4A67-AFF7-636A5248A791}.Debug|Mixed Platforms.Build.0 = Debug|Win32
		{B142EA1B-E10F-4A67-AFF7-636A5248A791}.Debug|Win32.ActiveCfg = Debug|Win32
		{B142EA1B-E10F-4A67-AFF7-636A5248A791}.Debug|Win32.Build.0 = Debug|Win32
		{B142EA1B-E10F-4A67-AFF7-636A5248A791}.Debug|x64.ActiveCfg = Debug|x64
		{B142EA1B-E10F-4A67-AFF7-636A5248A791}.Debug|x64.Build.0 = Debug|x64
		{B142EA1B-E10F-4A67-AFF7-636A5248A791}.DVD-5|Mixed Platforms.ActiveCfg = Debug|Win32
		{B142EA1B-E10F-4A67-AFF7-636A5248A791}.DVD-5|Mixed Platforms.Build.0 = Debug|Win32
		{B142EA1B-E10F-4A67-AFF7-636A5248A791}.DVD-5|Win32.ActiveCfg = Debug|Win32
		{B142EA1B-E10F-4A67-AFF7-636A5248A791}.DVD-5|Win32.Build.0 = Debug|Win32
		{B142EA1B-E10F-4A67-AFF7-636A5248A791}.DVD-5|x64.ActiveCfg = Debug|x64
		{B142EA1B-E10F-4A67-AFF7-636A5248A791}.DVD-5|x64.Build.0 = Debug|x64
		{B142EA1B-E10F-4A67-AFF7-636A5248A791}.Release|Mixed Platforms.ActiveCfg = Release|Win32
		{B142EA1B-E10F-4A67-AFF7-636A5248A791}.Release|Mixed Platforms.Build.0 = Release|Win32
		{B142EA1B-E10F-4A67-AFF7-636A5248A791}.Release|Win32.ActiveCfg = Release|Win32
		{B142EA1B-E10F-4A67-AFF7-636A5248A791}.Release|Win32.Build.0 = Release|Win32
		{B142EA1B-E10F-4A67-AFF7-636A5248A791}.Release|x64.ActiveCfg = Release|x64
		{B142EA1B-E10F-4A67-AFF7-636A5248A791}.Release|x64.Build.0 = Release|x64
		{B142EA1B-E10F-4A67-AFF7-636A5248A791}.SingleImage|Mixed Platforms.ActiveCfg = Debug|Win32
		{B142EA1B-E10F-4A67-AFF7-636A5248A791}.SingleImage|Mixed Platforms.Build.0 = Debug|Win32
		{B142EA1B-E10F-4A67-AFF7-636A5248A791}.SingleImage|Win32.ActiveCfg = Release|Win32
		{B142EA1B-E10F-4A67-AFF7-636A5248A791}.SingleImage|Win32.Build.0 = Release|Win32
		{B142EA1B-E10F-4A67-AFF7-636A5248A791}.SingleImage|x64.ActiveCfg = Release|x64
		{B142EA1B-E10F-4A67-AFF7-636A5248A791}.SingleImage|x64.Build.0 = Release|x64
		{0E0310AD-2E45-4172-9896-0B738D0A7627}.CD_ROM|Mixed Platforms.ActiveCfg = Debug|Win32
		{0E0310AD-2E45-4172-9896-0B738D0A7627}.CD_ROM|Mixed Platforms.Build.0 = Debug|Win32
		{0E0310AD-2E45-4172-9896-0B738D0A7627}.CD_ROM|Win32.ActiveCfg = Release|Win32
		{0E0310AD-2E45-4172-9896-0B738D0A7627}.CD_ROM|Win32.Build.0 = Release|Win32
		{0E0310AD-2E45-4172-9896-0B738D0A7627}.CD_ROM|x64.ActiveCfg = Release|x64
		{0E0310AD-2E45-4172-9896-0B738D0A7627}.CD_ROM|x64.Build.0 = Release|x64
		{0E0310AD-2E45-4172-9896-0B738D0A7627}.Debug|Mixed Platforms.ActiveCfg = Debug|Win32
		{0E0310AD-2E45-4172-9896-0B738D0A7627}.Debug|Mixed Platforms.Build.0 = Debug|Win32
		{0E0310AD-2E45-4172-9896-0B738D0A7627}.Debug|Win32.ActiveCfg = Debug|Win32
		{0E0310AD-2E45-4172-9896-0B738D0A7627}.Debug|Win32.Build.0 = Debug|Win32
		{0E0310AD-2E45-4172-9896-0B738D0A7627}.Debug|x64.ActiveCfg = Debug|x64
		{0E0310AD-2E45-4172-9896-0B738D0A7627}.Debug|x64.Build.0 = Debug|x64
		{0E0310AD-2E45-4172-9896-0B738D0A7627}.DVD-5|Mixed Platforms.ActiveCfg = Debug|Win32
		{0E0310AD-2E45-4172-9896-0B738D0A7627}.DVD-5|Mixed Platforms.Build.0 = Debug|Win32
		{0E0310AD-2E45-4172-9896-0B738D0A7627}.DVD-5|Win32.ActiveCfg = Debug|Win32
		{0E0310AD-2E45-4172-9896-0B738D0A7627}.DVD-5|Win32.Build.0 = Debug|Win32
		{0E0310AD-2E45-4172-9896-0B738D0A7627}.DVD-5|x64.ActiveCfg = Debug|x64
		{0E0310AD-2E45-4172-9896-0B738D0A7627}.DVD-5|x64.Build.0 = Debug|x64
		{0E0310AD-2E45-4172-9896-0B738D0A7627}.Release|Mixed Platforms.ActiveCfg = Release|Win32
		{0E0310AD-2E45-4172-9896-0B738D0A7627}.Release|Mixed Platforms.Build.0 = Release|Win32
		{0E0310AD-2E45-4172-9896-0B738D0A7627}.Release|Win32.ActiveCfg = Release|Win32
		{0E0310AD-2E45-4172-9896-0B738D0A7627}.Release|Win32.Build.0 = Release|Win32
		{0E0310AD-2E45-4172-9896-0B738D0A7627}.Release|x64.ActiveCfg = Release|x64
		{0E0310AD-2E45-4172-9896-0B738D0A7627}.Release|x64.Build.0 = Release|x64
		{0E0310AD-2E45-4172-9896-0B738D0A7627}.SingleImage|Mixed Platforms.ActiveCfg = Debug|Win32
		{0E0310AD-2E45-4172-9896-0B738D0A7627}.SingleImage|Mixed Platforms.Build.0 = Debug|Win32
		{0E0310AD-2E45-4172-9896-0B738D0A7627}.SingleImage|Win32.ActiveCfg = Release|Win32
		{0E0310AD-2E45-4172-9896-0B738D0A7627}.SingleImage|Win32.Build.0 = Release|Win32
		{0E0310AD-2E45-4172-9896-0B738D0A7627}.SingleImage|x64.ActiveCfg = Release|x64
		{0E0310AD-2E45-4172-9896-0B738D0A7627}.SingleImage|x64.Build.0 = Release|x64
		{EA04A8B9-575E-4E7B-87FF-A9CA1DAA2BEF}.CD_ROM|Mixed Platforms.ActiveCfg = Debug|Win32
		{EA04A8B9-575E-4E7B-87FF-A9CA1DAA2BEF}.CD_ROM|Mixed Platforms.Build.0 = Debug|Win32
		{EA04A8B9-575E-4E7B-87FF-A9CA1DAA2BEF}.CD_ROM|Win32.ActiveCfg = Release|Win32
		{EA04A8B9-575E-4E7B-87FF-A9CA1DAA2BEF}.CD_ROM|Win32.Build.0 = Release|Win32
		{EA04A8B9-575E-4E7B-87FF-A9CA1DAA2BEF}.CD_ROM|x64.ActiveCfg = Release|x64
		{EA04A8B9-575E-4E7B-87FF-A9CA1DAA2BEF}.CD_ROM|x64.Build.0 = Release|x64
		{EA04A8B9-575E-4E7B-87FF-A9CA1DAA2BEF}.Debug|Mixed Platforms.ActiveCfg = Debug|Win32
		{EA04A8B9-575E-4E7B-87FF-A9CA1DAA2BEF}.Debug|Mixed Platforms.Build.0 = Debug|Win32
		{EA04A8B9-575E-4E7B-87FF-A9CA1DAA2BEF}.Debug|Win32.ActiveCfg = Debug|Win32
		{EA04A8B9-575E-4E7B-87FF-A9CA1DAA2BEF}.Debug|Win32.Build.0 = Debug|Win32
		{EA04A8B9-575E-4E7B-87FF-A9CA1DAA2BEF}.Debug|x64.ActiveCfg = Debug|x64
		{EA04A8B9-575E-4E7B-87FF-A9CA1DAA2BEF}.Debug|x64.Build.0 = Debug|x64
		{EA04A8B9-575E-4E7B-87FF-A9CA1DAA2BEF}.DVD-5|Mixed Platforms.ActiveCfg = Debug|Win32
		{EA04A8B9-575E-4E7B-87FF-A9CA1DAA2BEF}.DVD-5|Mixed Platforms.Build.0 = Debug|Win32
		{EA04A8B9-575E-4E7B-87FF-A9CA1DAA2BEF}.DVD-5|Win32.ActiveCfg = Debug|Win32
		{EA04A8B9-575E-4E7B-87FF-A9CA1DAA2BEF}.DVD-5|Win32.Build.0 = Debug|Win32
		{EA04A8B9-575E-4E7B-87FF-A9CA1DAA2BEF}.DVD-5|x64.ActiveCfg = Debug|x64
		{EA04A8B9-575E-4E7B-87FF-A9CA1DAA2BEF}.DVD-5|x64.Build.0 = Debug|x64
		{EA04A8B9-575E-4E7B-87FF-A9CA1DAA2BEF}.Release|Mixed Platforms.ActiveCfg = Release|Win32
		{EA04A8B9-575E-4E7B-87FF-A9CA1DAA2BEF}.Release|Mixed Platforms.Build.0 = Release|Win32
		{EA04A8B9-575E-4E7B-87FF-A9CA1DAA2BEF}.Release|Win32.ActiveCfg = Release|Win32
		{EA04A8B9-575E-4E7B-87FF-A9CA1DAA2BEF}.Release|Win32.Build.0 = Release|Win32
		{EA04A8B9-575E-4E7B-87FF-A9CA1DAA2BEF}.Release|x64.ActiveCfg = Release|x64
		{EA04A8B9-575E-4E7B-87FF-A9CA1DAA2BEF}.Release|x64.Build.0 = Release|x64
		{EA04A8B9-575E-4E7B-87FF-A9CA1DAA2BEF}.SingleImage|Mixed Platforms.ActiveCfg = Debug|Win32
		{EA04A8B9-575E-4E7B-87FF-A9CA1DAA2BEF}.SingleImage|Mixed Platforms.Build.0 = Debug|Win32
		{EA04A8B9-575E-4E7B-87FF-A9CA1DAA2BEF}.SingleImage|Win32.ActiveCfg = Release|Win32
		{EA04A8B9-575E-4E7B-87FF-A9CA1DAA2BEF}.SingleImage|Win32.Build.0 = Release|Win32
		{EA04A8B9-575E-4E7B-87FF-A9CA1DAA2BEF}.SingleImage|x64.ActiveCfg = Release|x64
		{EA04A8B9-575E-4E7B-87FF-A9CA1DAA2BEF}.SingleImage|x64.Build.0 = Release|x64
		{4866A6E2-EC23-4F4C-9CDD-E17FD3F426A7}.CD_ROM|Mixed Platforms.ActiveCfg = Debug|Win32
		{4866A6E2-EC23-4F4C-9CDD-E17FD3F426A7}.CD_ROM|Mixed Platforms.Build.0 = Debug|Win32
		{4866A6E2-EC23-4F4C-9CDD-E17FD3F426A7}.CD_ROM|Win32.ActiveCfg = Release|Win32
		{4866A6E2-EC23-4F4C-9CDD-E17FD3F426A7}.CD_ROM|Win32.Build.0 = Release|Win32
		{4866A6E2-EC23-4F4C-9CDD-E17FD3F426A7}.CD_ROM|x64.ActiveCfg = Release|x64
		{4866A6E2-EC23-4F4C-9CDD-E17FD3F426A7}.CD_ROM|x64.Build.0 = Release|x64
		{4866A6E2-EC23-4F4C-9CDD-E17FD3F426A7}.Debug|Mixed Platforms.ActiveCfg = Debug|Win32
		{4866A6E2-EC23-4F4C-9CDD-E17FD3F426A7}.Debug|Mixed Platforms.Build.0 = Debug|Win32
		{4866A6E2-EC23-4F4C-9CDD-E17FD3F426A7}.Debug|Win32.ActiveCfg = Debug|Win32
		{4866A6E2-EC23-4F4C-9CDD-E17FD3F426A7}.Debug|Win32.Build.0 = Debug|Win32
		{4866A6E2-EC23-4F4C-9CDD-E17FD3F426A7}.Debug|x64.ActiveCfg = Debug|x64
		{4866A6E2-EC23-4F4C-9CDD-E17FD3F426A7}.Debug|x64.Build.0 = Debug|x64
		{4866A6E2-EC23-4F4C-9CDD-E17FD3F426A7}.DVD-5|Mixed Platforms.ActiveCfg = Debug|Win32
		{4866A6E2-EC23-4F4C-9CDD-E17FD3F426A7}.DVD-5|Mixed Platforms.Build.0 = Debug|Win32
		{4866A6E2-EC23-4F4C-9CDD-E17FD3F426A7}.DVD-5|Win32.ActiveCfg = Debug|Win32
		{4866A6E2-EC23-4F4C-9CDD-E17FD3F426A7}.DVD-5|Win32.Build.0 = Debug|Win32
		{4866A6E2-EC23-4F4C-9CDD-E17FD3F426A7}.DVD-5|x64.ActiveCfg = Debug|x64
		{4866A6E2-EC23-4F4C-9CDD-E17FD3F426A7}.DVD-5|x64.Build.0 = Debug|x64
		{4866A6E2-EC23-4F4C-9CDD-E17FD3F426A7}.Release|Mixed Platforms.ActiveCfg = Release|Win32
		{4866A6E2-EC23-4F4C-9CDD-E17FD3F426A7}.Release|Mixed Platforms.Build.0 = Release|Win32
		{4866A6E2-EC23-4F4C-9CDD-E17FD3F426A7}.Release|Win32.ActiveCfg = Release|Win32
		{4866A6E2-EC23-4F4C-9CDD-E17FD3F426A7}.Release|Win32.Build.0 = Release|Win32
		{4866A6E2-EC23-4F4C-9CDD-E17FD3F426A7}.Release|x64.ActiveCfg = Release|x64
		{4866A6E2-EC23-4F4C-9CDD-E17FD3F426A7}.Release|x64.Build.0 = Release|x64
		{4866A6E2-EC23-4F4C-9CDD-E17FD3F426A7}.SingleImage|Mixed Platforms.ActiveCfg = Debug|Win32
		{4866A6E2-EC23-4F4C-9CDD-E17FD3F426A7}.SingleImage|Mixed Platforms.Build.0 = Debug|Win32
		{4866A6E2-EC23-4F4C-9CDD-E17FD3F426A7}.SingleImage|Win32.ActiveCfg = Release|Win32
		{4866A6E2-EC23-4F4C-9CDD-E17FD3F426A7}.SingleImage|Win32.Build.0 = Release|Win32
		{4866A6E2-EC23-4F4C-9CDD-E17FD3F426A7}.SingleImage|x64.ActiveCfg = Release|x64
		{4866A6E2-EC23-4F4C-9CDD-E17FD3F426A7}.SingleImage|x64.Build.0 = Release|x64
		{6528F13B-5595-4257-93D7-34F2D62F1C8C}.CD_ROM|Mixed Platforms.ActiveCfg = Debug|Win32
		{6528F13B-5595-4257-93D7-34F2D62F1C8C}.CD_ROM|Mixed Platforms.Build.0 = Debug|Win32
		{6528F13B-5595-4257-93D7-34F2D62F1C8C}.CD_ROM|Win32.ActiveCfg = Release|Win32
		{6528F13B-5595-4257-93D7-34F2D62F1C8C}.CD_ROM|Win32.Build.0 = Release|Win32
		{6528F13B-5595-4257-93D7-34F2D62F1C8C}.CD_ROM|x64.ActiveCfg = Release|x64
		{6528F13B-5595-4257-93D7-34F2D62F1C8C}.CD_ROM|x64.Build.0 = Release|x64
		{6528F13B-5595-4257-93D7-34F2D62F1C8C}.Debug|Mixed Platforms.ActiveCfg = Debug|Win32
		{6528F13B-5595-4257-93D7-34F2D62F1C8C}.Debug|Mixed Platforms.Build.0 = Debug|Win32
		{6528F13B-5595-4257-93D7-34F2D62F1C8C}.Debug|Win32.ActiveCfg = Debug|Win32
		{6528F13B-5595-4257-93D7-34F2D62F1C8C}.Debug|Win32.Build.0 = Debug|Win32
		{6528F13B-5595-4257-93D7-34F2D62F1C8C}.Debug|x64.ActiveCfg = Debug|x64
		{6528F13B-5595-4257-93D7-34F2D62F1C8C}.Debug|x64.Build.0 = Debug|x64
		{6528F13B-5595-4257-93D7-34F2D62F1C8C}.DVD-5|Mixed Platforms.ActiveCfg = Debug|Win32
		{6528F13B-5595-4257-93D7-34F2D62F1C8C}.DVD-5|Mixed Platforms.Build.0 = Debug|Win32
		{6528F13B-5595-4257-93D7-34F2D62F1C8C}.DVD-5|Win32.ActiveCfg = Debug|Win32
		{6528F13B-5595-4257-93D7-34F2D62F1C8C}.DVD-5|Win32.Build.0 = Debug|Win32
		{6528F13B-5595-4257-93D7-34F2D62F1C8C}.DVD-5|x64.ActiveCfg = Debug|x64
		{6528F13B-5595-4257-93D7-34F2D62F1C8C}.DVD-5|x64.Build.0 = Debug|x64
		{6528F13B-5595-4257-93D7-34F2D62F1C8C}.Release|Mixed Platforms.ActiveCfg = Release|Win32
		{6528F13B-5595-4257-93D7-34F2D62F1C8C}.Release|Mixed Platforms.Build.0 = Release|Win32
		{6528F13B-5595-4257-93D7-34F2D62F1C8C}.Release|Win32.ActiveCfg = Release|Win32
		{6528F13B-5595-4257-93D7-34F2D62F1C8C}.Release|Win32.Build.0 = Release|Win32
		{6528F13B-5595-4257-93D7-34F2D62F1C8C}.Release|x64.ActiveCfg = Release|x64
		{6528F13B-5595-4257-93D7-34F2D62F1C8C}.Release|x64.Build.0 = Release|x64
		{6528F13B-5595-4257-93D7-34F2D62F1C8C}.SingleImage|Mixed Platforms.ActiveCfg = Debug|Win32
		{6528F13B-5595-4257-93D7-34F2D62F1C8C}.SingleImage|Mixed Platforms.Build.0 = Debug|Win32
		{6528F13B-5595-4257-93D7-34F2D62F1C8C}.SingleImage|Win32.ActiveCfg = Release|Win32
		{6528F13B-5595-4257-93D7-34F2D62F1C8C}.SingleImage|Win32.Build.0 = Release|Win32
		{6528F13B-5595-4257-93D7-34F2D62F1C8C}.SingleImage|x64.ActiveCfg = Release|x64
		{6528F13B-5595-4257-93D7-34F2D62F1C8C}.SingleImage|x64.Build.0 = Release|x64
		{93E56C89-C08C-412F-A3A6-DE02A5BC8538}.CD_ROM|Mixed Platforms.ActiveCfg = Debug|Win32
		{93E56C89-C08C-412F-A3A6-DE02A5BC8538}.CD_ROM|Mixed Platforms.Build.0 = Debug|Win32
		{93E56C89-C08C-412F-A3A6-DE02A5BC8538}.CD_ROM|Win32.ActiveCfg = Release|Win32
		{93E56C89-C08C-412F-A3A6-DE02A5BC8538}.CD_ROM|Win32.Build.0 = Release|Win32
		{93E56C89-C08C-412F-A3A6-DE02A5BC8538}.CD_ROM|x64.ActiveCfg = Release|x64
		{93E56C89-C08C-412F-A3A6-DE02A5BC8538}.CD_ROM|x64.Build.0 = Release|x64
		{93E56C89-C08C-412F-A3A6-DE02A5BC8538}.Debug|Mixed Platforms.ActiveCfg = Debug|Win32
		{93E56C89-C08C-412F-A3A6-DE02A5BC8538}.Debug|Mixed Platforms.Build.0 = Debug|Win32
		{93E56C89-C08C-412F-A3A6-DE02A5BC8538}.Debug|Win32.ActiveCfg = Debug|Win32
		{93E56C89-C08C-412F-A3A6-DE02A5BC8538}.Debug|Win32.Build.0 = Debug|Win32
		{93E56C89-C08C-412F-A3A6-DE02A5BC8538}.Debug|x64.ActiveCfg = Debug|x64
		{93E56C89-C08C-412F-A3A6-DE02A5BC8538}.Debug|x64.Build.0 = Debug|x64
		{93E56C89-C08C-412F-A3A6-DE02A5BC8538}.DVD-5|Mixed Platforms.ActiveCfg = Debug|Win32
		{93E56C89-C08C-412F-A3A6-DE02A5BC8538}.DVD-5|Mixed Platforms.Build.0 = Debug|Win32
		{93E56C89-C08C-412F-A3A6-DE02A5BC8538}.DVD-5|Win32.ActiveCfg = Debug|Win32
		{93E56C89-C08C-412F-A3A6-DE02A5BC8538}.DVD-5|Win32.Build.0 = Debug|Win32
		{93E56C89-C08C-412F-A3A6-DE02A5BC8538}.DVD-5|x64.ActiveCfg = Debug|x64
		{93E56C89-C08C-412F-A3A6-DE02A5BC8538}.DVD-5|x64.Build.0 = Debug|x64
		{93E56C89-C08C-412F-A3A6-DE02A5BC8538}.Release|Mixed Platforms.ActiveCfg = Release|Win32
		{93E56C89-C08C-412F-A3A6-DE02A5BC8538}.Release|Mixed Platforms.Build.0 = Release|Win32
		{93E56C89-C08C-412F-A3A6-DE02A5BC8538}.Release|Win32.ActiveCfg = Release|Win32
		{93E56C89-C08C-412F-A3A6-DE02A5BC8538}.Release|Win32.Build.0 = Release|Win32
		{93E56C89-C08C-412F-A3A6-DE02A5BC8538}.Release|x64.ActiveCfg = Release|x64
		{93E56C89-C08C-412F-A3A6-DE02A5BC8538}.Release|x64.Build.0 = Release|x64
		{93E56C89-C08C-412F-A3A6-DE02A5BC8538}.SingleImage|Mixed Platforms.ActiveCfg = Debug|Win32
		{93E56C89-C08C-412F-A3A6-DE02A5BC8538}.SingleImage|Mixed Platforms.Build.0 = Debug|Win32
		{93E56C89-C08C-412F-A3A6-DE02A5BC8538}.SingleImage|Win32.ActiveCfg = Release|Win32
		{93E56C89-C08C-412F-A3A6-DE02A5BC8538}.SingleImage|Win32.Build.0 = Release|Win32
		{93E56C89-C08C-412F-A3A6-DE02A5BC8538}.SingleImage|x64.ActiveCfg = Release|x64
		{93E56C89-C08C-412F-A3A6-DE02A5BC8538}.SingleImage|x64.Build.0 = Release|x64
		{404B6494-4BAC-43FE-B269-71982426CC4C}.CD_ROM|Mixed Platforms.ActiveCfg = Debug|Win32
		{404B6494-4BAC-43FE-B269-71982426CC4C}.CD_ROM|Mixed Platforms.Build.0 = Debug|Win32
		{404B6494-4BAC-43FE-B269-71982426CC4C}.CD_ROM|Win32.ActiveCfg = Release|Win32
		{404B6494-4BAC-43FE-B269-71982426CC4C}.CD_ROM|Win32.Build.0 = Release|Win32
		{404B6494-4BAC-43FE-B269-71982426CC4C}.CD_ROM|x64.ActiveCfg = Release|x64
		{404B6494-4BAC-43FE-B269-71982426CC4C}.CD_ROM|x64.Build.0 = Release|x64
		{404B6494-4BAC-43FE-B269-71982426CC4C}.Debug|Mixed Platforms.ActiveCfg = Debug|Win32
		{404B6494-4BAC-43FE-B269-71982426CC4C}.Debug|Mixed Platforms.Build.0 = Debug|Win32
		{404B6494-4BAC-43FE-B269-71982426CC4C}.Debug|Win32.ActiveCfg = Debug|Win32
		{404B6494-4BAC-43FE-B269-71982426CC4C}.Debug|Win32.Build.0 = Debug|Win32
		{404B6494-4BAC-43FE-B269-71982426CC4C}.Debug|x64.ActiveCfg = Debug|x64
		{404B6494-4BAC-43FE-B269-71982426CC4C}.Debug|x64.Build.0 = Debug|x64
		{404B6494-4BAC-43FE-B269-71982426CC4C}.DVD-5|Mixed Platforms.ActiveCfg = Debug|Win32
		{404B6494-4BAC-43FE-B269-71982426CC4C}.DVD-5|Mixed Platforms.Build.0 = Debug|Win32
		{404B6494-4BAC-43FE-B269-71982426CC4C}.DVD-5|Win32.ActiveCfg = Debug|Win32
		{404B6494-4BAC-43FE-B269-71982426CC4C}.DVD-5|Win32.Build.0 = Debug|Win32
		{404B6494-4BAC-43FE-B269-71982426CC4C}.DVD-5|x64.ActiveCfg = Debug|x64
		{404B6494-4BAC-43FE-B269-71982426CC4C}.DVD-5|x64.Build.0 = Debug|x64
		{404B6494-4BAC-43FE-B269-71982426CC4C}.Release|Mixed Platforms.ActiveCfg = Release|Win32
		{404B6494-4BAC-43FE-B269-71982426CC4C}.Release|Mixed Platforms.Build.0 = Release|Win32
		{404B6494-4BAC-43FE-B269-71982426CC4C}.Release|Win32.ActiveCfg = Release|Win32
		{404B6494-4BAC-43FE-B269-71982426CC4C}.Release|Win32.Build.0 = Release|Win32
		{404B6494-4BAC-43FE-B269-71982426CC4C}.Release|x64.ActiveCfg = Release|x64
		{404B6494-4BAC-43FE-B269-71982426CC4C}.Release|x64.Build.0 = Release|x64
		{404B6494-4BAC-43FE-B269-71982426CC4C}.SingleImage|Mixed Platforms.ActiveCfg = Debug|Win32
		{404B6494-4BAC-43FE-B269-71982426CC4C}.SingleImage|Mixed Platforms.Build.0 = Debug|Win32
		{404B6494-4BAC-43FE-B269-71982426CC4C}.SingleImage|Win32.ActiveCfg = Release|Win32
		{404B6494-4BAC-43FE-B269-71982426CC4C}.SingleImage|Win32.Build.0 = Release|Win32
		{404B6494-4BAC-43FE-B269-71982426CC4C}.SingleImage|x64.ActiveCfg = Release|x64
		{404B6494-4BAC-43FE-B269-71982426CC4C}.SingleImage|x64.Build.0 = Release|x64
		{72DC06E4-7A86-4E1B-A78E-89FCD6F60B5E}.CD_ROM|Mixed Platforms.ActiveCfg = Debug|Win32
		{72DC06E4-7A86-4E1B-A78E-89FCD6F60B5E}.CD_ROM|Mixed Platforms.Build.0 = Debug|Win32
		{72DC06E4-7A86-4E1B-A78E-89FCD6F60B5E}.CD_ROM|Win32.ActiveCfg = Release|Win32
		{72DC06E4-7A86-4E1B-A78E-89FCD6F60B5E}.CD_ROM|Win32.Build.0 = Release|Win32
		{72DC06E4-7A86-4E1B-A78E-89FCD6F60B5E}.CD_ROM|x64.ActiveCfg = Release|x64
		{72DC06E4-7A86-4E1B-A78E-89FCD6F60B5E}.CD_ROM|x64.Build.0 = Release|x64
		{72DC06E4-7A86-4E1B-A78E-89FCD6F60B5E}.Debug|Mixed Platforms.ActiveCfg = Debug|Win32
		{72DC06E4-7A86-4E1B-A78E-89FCD6F60B5E}.Debug|Mixed Platforms.Build.0 = Debug|Win32
		{72DC06E4-7A86-4E1B-A78E-89FCD6F60B5E}.Debug|Win32.ActiveCfg = Debug|Win32
		{72DC06E4-7A86-4E1B-A78E-89FCD6F60B5E}.Debug|Win32.Build.0 = Debug|Win32
		{72DC06E4-7A86-4E1B-A78E-89FCD6F60B5E}.Debug|x64.ActiveCfg = Debug|x64
		{72DC06E4-7A86-4E1B-A78E-89FCD6F60B5E}.Debug|x64.Build.0 = Debug|x64
		{72DC06E4-7A86-4E1B-A78E-89FCD6F60B5E}.DVD-5|Mixed Platforms.ActiveCfg = Debug|Win32
		{72DC06E4-7A86-4E1B-A78E-89FCD6F60B5E}.DVD-5|Mixed Platforms.Build.0 = Debug|Win32
		{72DC06E4-7A86-4E1B-A78E-89FCD6F60B5E}.DVD-5|Win32.ActiveCfg = Debug|Win32
		{72DC06E4-7A86-4E1B-A78E-89FCD6F60B5E}.DVD-5|Win32.Build.0 = Debug|Win32
		{72DC06E4-7A86-4E1B-A78E-89FCD6F60B5E}.DVD-5|x64.ActiveCfg = Debug|x64
		{72DC06E4-7A86-4E1B-A78E-89FCD6F60B5E}.DVD-5|x64.Build.0 = Debug|x64
		{72DC06E4-7A86-4E1B-A78E-89FCD6F60B5E}.Release|Mixed Platforms.ActiveCfg = Release|Win32
		{72DC06E4-7A86-4E1B-A78E-89FCD6F60B5E}.Release|Mixed Platforms.Build.0 = Release|Win32
		{72DC06E4-7A86-4E1B-A78E-89FCD6F60B5E}.Release|Win32.ActiveCfg = Release|Win32
		{72DC06E4-7A86-4E1B-A78E-89FCD6F60B5E}.Release|Win32.Build.0 = Release|Win32
		{72DC06E4-7A86-4E1B-A78E-89FCD6F60B5E}.Release|x64.ActiveCfg = Release|x64
		{72DC06E4-7A86-4E1B-A78E-89FCD6F60B5E}.Release|x64.Build.0 = Release|x64
		{72DC06E4-7A86-4E1B-A78E-89FCD6F60B5E}.SingleImage|Mixed Platforms.ActiveCfg = Debug|Win32
		{72DC06E4-7A86-4E1B-A78E-89FCD6F60B5E}.SingleImage|Mixed Platforms.Build.0 = Debug|Win32
		{72DC06E4-7A86-4E1B-A78E-89FCD6F60B5E}.SingleImage|Win32.ActiveCfg = Release|Win32
		{72DC06E4-7A86-4E1B-A78E-89FCD6F60B5E}.SingleImage|Win32.Build.0 = Release|Win32
		{72DC06E4-7A86-4E1B-A78E-89FCD6F60B5E}.SingleImage|x64.ActiveCfg = Release|x64
		{72DC06E4-7A86-4E1B-A78E-89FCD6F60B5E}.SingleImage|x64.Build.0 = Release|x64
		{FC312882-921E-482C-9C9B-3B48B79D2C5F}.CD_ROM|Mixed Platforms.ActiveCfg = Debug|Win32
		{FC312882-921E-482C-9C9B-3B48B79D2C5F}.CD_ROM|Mixed Platforms.Build.0 = Debug|Win32
		{FC312882-921E-482C-9C9B-3B48B79D2C5F}.CD_ROM|Win32.ActiveCfg = Release|Win32
		{FC312882-921E-482C-9C9B-3B48B79D2C5F}.CD_ROM|Win32.Build.0 = Release|Win32
		{FC312882-921E-482C-9C9B-3B48B79D2C5F}.CD_ROM|x64.ActiveCfg = Release|x64
		{FC312882-921E-482C-9C9B-3B48B79D2C5F}.CD_ROM|x64.Build.0 = Release|x64
		{FC312882-921E-482C-9C9B-3B48B79D2C5F}.Debug|Mixed Platforms.ActiveCfg = Debug|Win32
		{FC312882-921E-482C-9C9B-3B48B79D2C5F}.Debug|Mixed Platforms.Build.0 = Debug|Win32
		{FC312882-921E-482C-9C9B-3B48B79D2C5F}.Debug|Win32.ActiveCfg = Debug|Win32
		{FC312882-921E-482C-9C9B-3B48B79D2C5F}.Debug|Win32.Build.0 = Debug|Win32
		{FC312882-921E-482C-9C9B-3B48B79D2C5F}.Debug|x64.ActiveCfg = Debug|x64
		{FC312882-921E-482C-9C9B-3B48B79D2C5F}.Debug|x64.Build.0 = Debug|x64
		{FC312882-921E-482C-9C9B-3B48B79D2C5F}.DVD-5|Mixed Platforms.ActiveCfg = Debug|Win32
		{FC312882-921E-482C-9C9B-3B48B79D2C5F}.DVD-5|Mixed Platforms.Build.0 = Debug|Win32
		{FC312882-921E-482C-9C9B-3B48B79D2C5F}.DVD-5|Win32.ActiveCfg = Debug|Win32
		{FC312882-921E-482C-9C9B-3B48B79D2C5F}.DVD-5|Win32.Build.0 = Debug|Win32
		{FC312882-921E-482C-9C9B-3B48B79D2C5F}.DVD-5|x64.ActiveCfg = Debug|x64
		{FC312882-921E-482C-9C9B-3B48B79D2C5F}.DVD-5|x64.Build.0 = Debug|x64
		{FC312882-921E-482C-9C9B-3B48B79D2C5F}.Release|Mixed Platforms.ActiveCfg = Release|Win32
		{FC312882-921E-482C-9C9B-3B48B79D2C5F}.Release|Mixed Platforms.Build.0 = Release|Win32
		{FC312882-921E-482C-9C9B-3B48B79D2C5F}.Release|Win32.ActiveCfg = Release|Win32
		{FC312882-921E-482C-9C9B-3B48B79D2C5F}.Release|Win32.Build.0 = Release|Win32
		{FC312882-921E-482C-9C9B-3B48B79D2C5F}.Release|x64.ActiveCfg = Release|x64
		{FC312882-921E-482C-9C9B-3B48B79D2C5F}.Release|x64.Build.0 = Release|x64
		{FC312882-921E-482C-9C9B-3B48B79D2C5F}.SingleImage|Mixed Platforms.ActiveCfg = Debug|Win32
		{FC312882-921E-482C-9C9B-3B48B79D2C5F}.SingleImage|Mixed Platforms.Build.0 = Debug|Win32
		{FC312882-921E-482C-9C9B-3B48B79D2C5F}.SingleImage|Win32.ActiveCfg = Release|Win32
		{FC312882-921E-482C-9C9B-3B48B79D2C5F}.SingleImage|Win32.Build.0 = Release|Win32
		{FC312882-921E-482C-9C9B-3B48B79D2C5F}.SingleImage|x64.ActiveCfg = Release|x64
		{FC312882-921E-482C-9C9B-3B48B79D2C5F}.SingleImage|x64.Build.0 = Release|x64
	EndGlobalSection
	GlobalSection(SolutionProperties) = preSolution
		HideSolutionNode = FALSE
	EndGlobalSection
EndGlobal
