<?xml version="1.0" encoding="utf-8"?>
<Project ToolsVersion="4.0" xmlns="http://schemas.microsoft.com/developer/msbuild/2003">
  <ItemGroup>
    <Filter Include="Source Files">
      <UniqueIdentifier>{4FC737F1-C7A5-4376-A066-2A32D752A2FF}</UniqueIdentifier>
      <Extensions>cpp;c;cc;cxx;def;odl;idl;hpj;bat;asm;asmx</Extensions>
    </Filter>
    <Filter Include="Header Files">
      <UniqueIdentifier>{93995380-89BD-4b04-88EB-625FBE52EBFB}</UniqueIdentifier>
      <Extensions>h;hpp;hxx;hm;inl;inc;xsd</Extensions>
    </Filter>
    <Filter Include="Resource Files">
      <UniqueIdentifier>{67DA6AB6-F800-4c08-8B7A-83BB121AAD01}</UniqueIdentifier>
      <Extensions>rc;ico;cur;bmp;dlg;rc2;rct;bin;rgs;gif;jpg;jpeg;jpe;resx;tiff;tif;png;wav;mfcribbon-ms</Extensions>
    </Filter>
  </ItemGroup>
  <ItemGroup>
    <None Include="ReadMe.txt" />
  </ItemGroup>
  <ItemGroup>
    <ClInclude Include="..\..\src\algorithms\*.h">
      <Filter>Header Files</Filter>
    </ClInclude>
    <ClInclude Include="..\..\src\algorithms\ConfusionMatrix.h">
      <Filter>Header Files</Filter>
    </ClInclude>
    <ClInclude Include="..\..\src\algorithms\CostFactory.h" />
    <ClInclude Include="..\..\src\algorithms\CostFactorySVM.h" />
    <ClInclude Include="..\..\src\algorithms\Egcs.h" />
    <ClInclude Include="..\..\src\algorithms\FeatureSelector.h" />
    <ClInclude Include="..\..\src\algorithms\Filter.h" />
    <ClInclude Include="..\..\src\algorithms\Filter2d.h" />
    <ClInclude Include="..\..\src\algorithms\ImgRegression.h" />
    <ClInclude Include="..\..\src\algorithms\myfann_cpp.h" />
    <ClInclude Include="..\..\src\algorithms\OptFactory.h" />
    <ClInclude Include="..\..\src\algorithms\StatFactory.h" />
    <ClInclude Include="..\..\src\algorithms\svm.h" />
    <ClInclude Include="..\..\src\algorithms\ConfusionMatrix.h">
      <Filter>Header Files</Filter>
    </ClInclude>
    <ClInclude Include="..\..\src\algorithms\CostFactory.h" />
    <ClInclude Include="..\..\src\algorithms\CostFactorySVM.h" />
    <ClInclude Include="..\..\src\algorithms\Egcs.h" />
    <ClInclude Include="..\..\src\algorithms\FeatureSelector.h" />
    <ClInclude Include="..\..\src\algorithms\Filter.h" />
    <ClInclude Include="..\..\src\algorithms\Filter2d.h" />
    <ClInclude Include="..\..\src\algorithms\ImgRegression.h" />
    <ClInclude Include="..\..\src\algorithms\myfann_cpp.h" />
    <ClInclude Include="..\..\src\algorithms\OptFactory.h" />
    <ClInclude Include="..\..\src\algorithms\StatFactory.h" />
    <ClInclude Include="..\..\src\algorithms\svm.h" />
    <ClInclude Include="..\..\src\algorithms\ConfusionMatrix.h">
      <Filter>Header Files</Filter>
    </ClInclude>
    <ClInclude Include="..\..\src\algorithms\CostFactory.h" />
    <ClInclude Include="..\..\src\algorithms\CostFactorySVM.h" />
    <ClInclude Include="..\..\src\algorithms\Egcs.h" />
    <ClInclude Include="..\..\src\algorithms\FeatureSelector.h" />
    <ClInclude Include="..\..\src\algorithms\Filter.h" />
    <ClInclude Include="..\..\src\algorithms\Filter2d.h" />
    <ClInclude Include="..\..\src\algorithms\ImgRegression.h" />
    <ClInclude Include="..\..\src\algorithms\myfann_cpp.h" />
    <ClInclude Include="..\..\src\algorithms\OptFactory.h" />
    <ClInclude Include="..\..\src\algorithms\StatFactory.h" />
    <ClInclude Include="..\..\src\algorithms\svm.h" />
    <ClInclude Include="..\..\src\algorithms\ConfusionMatrix.h">
      <Filter>Header Files</Filter>
    </ClInclude>
    <ClInclude Include="..\..\src\algorithms\CostFactory.h" />
    <ClInclude Include="..\..\src\algorithms\CostFactorySVM.h" />
    <ClInclude Include="..\..\src\algorithms\Egcs.h" />
    <ClInclude Include="..\..\src\algorithms\FeatureSelector.h" />
    <ClInclude Include="..\..\src\algorithms\Filter.h" />
    <ClInclude Include="..\..\src\algorithms\Filter2d.h" />
    <ClInclude Include="..\..\src\algorithms\ImgRegression.h" />
    <ClInclude Include="..\..\src\algorithms\myfann_cpp.h" />
    <ClInclude Include="..\..\src\algorithms\OptFactory.h" />
    <ClInclude Include="..\..\src\algorithms\StatFactory.h" />
    <ClInclude Include="..\..\src\algorithms\svm.h" />
    <ClInclude Include="..\..\src\algorithms\ConfusionMatrix.h">
      <Filter>Header Files</Filter>
    </ClInclude>
    <ClInclude Include="..\..\src\algorithms\CostFactory.h" />
    <ClInclude Include="..\..\src\algorithms\CostFactorySVM.h" />
    <ClInclude Include="..\..\src\algorithms\Egcs.h" />
    <ClInclude Include="..\..\src\algorithms\FeatureSelector.h" />
    <ClInclude Include="..\..\src\algorithms\Filter.h" />
    <ClInclude Include="..\..\src\algorithms\Filter2d.h" />
    <ClInclude Include="..\..\src\algorithms\ImgRegression.h" />
    <ClInclude Include="..\..\src\algorithms\myfann_cpp.h" />
    <ClInclude Include="..\..\src\algorithms\OptFactory.h" />
    <ClInclude Include="..\..\src\algorithms\StatFactory.h" />
    <ClInclude Include="..\..\src\algorithms\svm.h" />
    <ClInclude Include="..\..\src\algorithms\ConfusionMatrix.h">
      <Filter>Header Files</Filter>
    </ClInclude>
    <ClInclude Include="..\..\src\algorithms\CostFactory.h" />
    <ClInclude Include="..\..\src\algorithms\CostFactorySVM.h" />
    <ClInclude Include="..\..\src\algorithms\Egcs.h" />
    <ClInclude Include="..\..\src\algorithms\FeatureSelector.h" />
    <ClInclude Include="..\..\src\algorithms\Filter.h" />
    <ClInclude Include="..\..\src\algorithms\Filter2d.h" />
    <ClInclude Include="..\..\src\algorithms\ImgRegression.h" />
    <ClInclude Include="..\..\src\algorithms\myfann_cpp.h" />
    <ClInclude Include="..\..\src\algorithms\OptFactory.h" />
    <ClInclude Include="..\..\src\algorithms\StatFactory.h" />
    <ClInclude Include="..\..\src\algorithms\svm.h" />
    <ClInclude Include="..\..\src\algorithms\ConfusionMatrix.h">
      <Filter>Header Files</Filter>
    </ClInclude>
    <ClInclude Include="..\..\src\algorithms\CostFactory.h" />
    <ClInclude Include="..\..\src\algorithms\CostFactorySVM.h" />
    <ClInclude Include="..\..\src\algorithms\Egcs.h" />
    <ClInclude Include="..\..\src\algorithms\FeatureSelector.h" />
    <ClInclude Include="..\..\src\algorithms\Filter.h" />
    <ClInclude Include="..\..\src\algorithms\Filter2d.h" />
    <ClInclude Include="..\..\src\algorithms\ImgRegression.h" />
    <ClInclude Include="..\..\src\algorithms\myfann_cpp.h" />
    <ClInclude Include="..\..\src\algorithms\OptFactory.h" />
    <ClInclude Include="..\..\src\algorithms\StatFactory.h" />
    <ClInclude Include="..\..\src\algorithms\svm.h" />
    <ClInclude Include="..\..\src\algorithms\ConfusionMatrix.h">
      <Filter>Header Files</Filter>
    </ClInclude>
    <ClInclude Include="..\..\src\algorithms\CostFactory.h" />
    <ClInclude Include="..\..\src\algorithms\CostFactorySVM.h" />
    <ClInclude Include="..\..\src\algorithms\Egcs.h" />
    <ClInclude Include="..\..\src\algorithms\FeatureSelector.h" />
    <ClInclude Include="..\..\src\algorithms\Filter.h" />
    <ClInclude Include="..\..\src\algorithms\Filter2d.h" />
    <ClInclude Include="..\..\src\algorithms\ImgRegression.h" />
    <ClInclude Include="..\..\src\algorithms\myfann_cpp.h" />
    <ClInclude Include="..\..\src\algorithms\OptFactory.h" />
    <ClInclude Include="..\..\src\algorithms\StatFactory.h" />
    <ClInclude Include="..\..\src\algorithms\svm.h" />
    <ClInclude Include="..\..\src\algorithms\ConfusionMatrix.h">
      <Filter>Header Files</Filter>
    </ClInclude>
    <ClInclude Include="..\..\src\algorithms\CostFactory.h" />
    <ClInclude Include="..\..\src\algorithms\CostFactorySVM.h" />
    <ClInclude Include="..\..\src\algorithms\Egcs.h" />
    <ClInclude Include="..\..\src\algorithms\FeatureSelector.h" />
    <ClInclude Include="..\..\src\algorithms\Filter.h" />
    <ClInclude Include="..\..\src\algorithms\Filter2d.h" />
    <ClInclude Include="..\..\src\algorithms\ImgRegression.h" />
    <ClInclude Include="..\..\src\algorithms\myfann_cpp.h" />
    <ClInclude Include="..\..\src\algorithms\OptFactory.h" />
    <ClInclude Include="..\..\src\algorithms\StatFactory.h" />
    <ClInclude Include="..\..\src\algorithms\svm.h" />
    <ClInclude Include="..\..\src\algorithms\ConfusionMatrix.h">
      <Filter>Header Files</Filter>
    </ClInclude>
    <ClInclude Include="..\..\src\algorithms\CostFactory.h" />
    <ClInclude Include="..\..\src\algorithms\CostFactorySVM.h" />
    <ClInclude Include="..\..\src\algorithms\Egcs.h" />
    <ClInclude Include="..\..\src\algorithms\FeatureSelector.h" />
    <ClInclude Include="..\..\src\algorithms\Filter.h" />
    <ClInclude Include="..\..\src\algorithms\Filter2d.h" />
    <ClInclude Include="..\..\src\algorithms\ImgRegression.h" />
    <ClInclude Include="..\..\src\algorithms\myfann_cpp.h" />
    <ClInclude Include="..\..\src\algorithms\OptFactory.h" />
    <ClInclude Include="..\..\src\algorithms\StatFactory.h" />
    <ClInclude Include="..\..\src\algorithms\svm.h" />
    <ClInclude Include="..\..\src\algorithms\ConfusionMatrix.h">
      <Filter>Header Files</Filter>
    </ClInclude>
    <ClInclude Include="..\..\src\algorithms\CostFactory.h" />
    <ClInclude Include="..\..\src\algorithms\CostFactorySVM.h" />
    <ClInclude Include="..\..\src\algorithms\Egcs.h" />
    <ClInclude Include="..\..\src\algorithms\FeatureSelector.h" />
    <ClInclude Include="..\..\src\algorithms\Filter.h" />
    <ClInclude Include="..\..\src\algorithms\Filter2d.h" />
    <ClInclude Include="..\..\src\algorithms\ImgRegression.h" />
    <ClInclude Include="..\..\src\algorithms\myfann_cpp.h" />
    <ClInclude Include="..\..\src\algorithms\OptFactory.h" />
    <ClInclude Include="..\..\src\algorithms\StatFactory.h" />
    <ClInclude Include="..\..\src\algorithms\svm.h" />
    <ClInclude Include="..\..\src\algorithms\ConfusionMatrix.h">
      <Filter>Header Files</Filter>
    </ClInclude>
    <ClInclude Include="..\..\src\algorithms\CostFactory.h" />
    <ClInclude Include="..\..\src\algorithms\CostFactorySVM.h" />
    <ClInclude Include="..\..\src\algorithms\Egcs.h" />
    <ClInclude Include="..\..\src\algorithms\FeatureSelector.h" />
    <ClInclude Include="..\..\src\algorithms\Filter.h" />
    <ClInclude Include="..\..\src\algorithms\Filter2d.h" />
    <ClInclude Include="..\..\src\algorithms\ImgRegression.h" />
    <ClInclude Include="..\..\src\algorithms\myfann_cpp.h" />
    <ClInclude Include="..\..\src\algorithms\OptFactory.h" />
    <ClInclude Include="..\..\src\algorithms\StatFactory.h" />
    <ClInclude Include="..\..\src\algorithms\svm.h" />
    <ClInclude Include="..\..\src\algorithms\ConfusionMatrix.h">
      <Filter>Header Files</Filter>
    </ClInclude>
    <ClInclude Include="..\..\src\algorithms\CostFactory.h" />
    <ClInclude Include="..\..\src\algorithms\CostFactorySVM.h" />
    <ClInclude Include="..\..\src\algorithms\Egcs.h" />
    <ClInclude Include="..\..\src\algorithms\FeatureSelector.h" />
    <ClInclude Include="..\..\src\algorithms\Filter.h" />
    <ClInclude Include="..\..\src\algorithms\Filter2d.h" />
    <ClInclude Include="..\..\src\algorithms\ImgRegression.h" />
    <ClInclude Include="..\..\src\algorithms\myfann_cpp.h" />
    <ClInclude Include="..\..\src\algorithms\OptFactory.h" />
    <ClInclude Include="..\..\src\algorithms\StatFactory.h" />
    <ClInclude Include="..\..\src\algorithms\svm.h" />
    <ClInclude Include="..\..\src\algorithms\ConfusionMatrix.h">
      <Filter>Header Files</Filter>
    </ClInclude>
    <ClInclude Include="..\..\src\algorithms\CostFactory.h" />
    <ClInclude Include="..\..\src\algorithms\CostFactorySVM.h" />
    <ClInclude Include="..\..\src\algorithms\Egcs.h" />
    <ClInclude Include="..\..\src\algorithms\FeatureSelector.h" />
    <ClInclude Include="..\..\src\algorithms\Filter.h" />
    <ClInclude Include="..\..\src\algorithms\Filter2d.h" />
    <ClInclude Include="..\..\src\algorithms\ImgRegression.h" />
    <ClInclude Include="..\..\src\algorithms\myfann_cpp.h" />
    <ClInclude Include="..\..\src\algorithms\OptFactory.h" />
    <ClInclude Include="..\..\src\algorithms\StatFactory.h" />
    <ClInclude Include="..\..\src\algorithms\svm.h" />
    <ClInclude Include="..\..\src\algorithms\ConfusionMatrix.h">
      <Filter>Header Files</Filter>
    </ClInclude>
    <ClInclude Include="..\..\src\algorithms\CostFactory.h" />
    <ClInclude Include="..\..\src\algorithms\CostFactorySVM.h" />
    <ClInclude Include="..\..\src\algorithms\Egcs.h" />
    <ClInclude Include="..\..\src\algorithms\FeatureSelector.h" />
    <ClInclude Include="..\..\src\algorithms\Filter.h" />
    <ClInclude Include="..\..\src\algorithms\Filter2d.h" />
    <ClInclude Include="..\..\src\algorithms\ImgRegression.h" />
    <ClInclude Include="..\..\src\algorithms\myfann_cpp.h" />
    <ClInclude Include="..\..\src\algorithms\OptFactory.h" />
    <ClInclude Include="..\..\src\algorithms\StatFactory.h" />
    <ClInclude Include="..\..\src\algorithms\svm.h" />
    <ClInclude Include="..\..\src\algorithms\ConfusionMatrix.h">
      <Filter>Header Files</Filter>
    </ClInclude>
    <ClInclude Include="..\..\src\algorithms\CostFactory.h" />
    <ClInclude Include="..\..\src\algorithms\CostFactorySVM.h" />
    <ClInclude Include="..\..\src\algorithms\Egcs.h" />
    <ClInclude Include="..\..\src\algorithms\FeatureSelector.h" />
    <ClInclude Include="..\..\src\algorithms\Filter.h" />
    <ClInclude Include="..\..\src\algorithms\Filter2d.h" />
    <ClInclude Include="..\..\src\algorithms\ImgRegression.h" />
    <ClInclude Include="..\..\src\algorithms\myfann_cpp.h" />
    <ClInclude Include="..\..\src\algorithms\OptFactory.h" />
    <ClInclude Include="..\..\src\algorithms\StatFactory.h" />
    <ClInclude Include="..\..\src\algorithms\svm.h" />
    <ClInclude Include="..\..\src\algorithms\ConfusionMatrix.h">
      <Filter>Header Files</Filter>
    </ClInclude>
    <ClInclude Include="..\..\src\algorithms\CostFactory.h" />
    <ClInclude Include="..\..\src\algorithms\CostFactorySVM.h" />
    <ClInclude Include="..\..\src\algorithms\Egcs.h" />
    <ClInclude Include="..\..\src\algorithms\FeatureSelector.h" />
    <ClInclude Include="..\..\src\algorithms\Filter.h" />
    <ClInclude Include="..\..\src\algorithms\Filter2d.h" />
    <ClInclude Include="..\..\src\algorithms\ImgRegression.h" />
    <ClInclude Include="..\..\src\algorithms\myfann_cpp.h" />
    <ClInclude Include="..\..\src\algorithms\OptFactory.h" />
    <ClInclude Include="..\..\src\algorithms\StatFactory.h" />
    <ClInclude Include="..\..\src\algorithms\svm.h" />
    <ClInclude Include="..\..\src\algorithms\ConfusionMatrix.h">
      <Filter>Header Files</Filter>
    </ClInclude>
    <ClInclude Include="..\..\src\algorithms\CostFactory.h" />
    <ClInclude Include="..\..\src\algorithms\CostFactorySVM.h" />
    <ClInclude Include="..\..\src\algorithms\Egcs.h" />
    <ClInclude Include="..\..\src\algorithms\FeatureSelector.h" />
    <ClInclude Include="..\..\src\algorithms\Filter.h" />
    <ClInclude Include="..\..\src\algorithms\Filter2d.h" />
    <ClInclude Include="..\..\src\algorithms\ImgRegression.h" />
    <ClInclude Include="..\..\src\algorithms\myfann_cpp.h" />
    <ClInclude Include="..\..\src\algorithms\OptFactory.h" />
    <ClInclude Include="..\..\src\algorithms\StatFactory.h" />
    <ClInclude Include="..\..\src\algorithms\svm.h" />
    <ClInclude Include="..\..\src\algorithms\ConfusionMatrix.h">
      <Filter>Header Files</Filter>
    </ClInclude>
    <ClInclude Include="..\..\src\algorithms\CostFactory.h" />
    <ClInclude Include="..\..\src\algorithms\CostFactorySVM.h" />
    <ClInclude Include="..\..\src\algorithms\Egcs.h" />
    <ClInclude Include="..\..\src\algorithms\FeatureSelector.h" />
    <ClInclude Include="..\..\src\algorithms\Filter.h" />
    <ClInclude Include="..\..\src\algorithms\Filter2d.h" />
    <ClInclude Include="..\..\src\algorithms\ImgRegression.h" />
    <ClInclude Include="..\..\src\algorithms\myfann_cpp.h" />
    <ClInclude Include="..\..\src\algorithms\OptFactory.h" />
    <ClInclude Include="..\..\src\algorithms\StatFactory.h" />
    <ClInclude Include="..\..\src\algorithms\svm.h" />
    <ClInclude Include="..\..\src\algorithms\ConfusionMatrix.h">
      <Filter>Header Files</Filter>
    </ClInclude>
    <ClInclude Include="..\..\src\algorithms\CostFactory.h" />
    <ClInclude Include="..\..\src\algorithms\CostFactorySVM.h" />
    <ClInclude Include="..\..\src\algorithms\Egcs.h" />
    <ClInclude Include="..\..\src\algorithms\FeatureSelector.h" />
    <ClInclude Include="..\..\src\algorithms\Filter.h" />
    <ClInclude Include="..\..\src\algorithms\Filter2d.h" />
    <ClInclude Include="..\..\src\algorithms\ImgRegression.h" />
    <ClInclude Include="..\..\src\algorithms\myfann_cpp.h" />
    <ClInclude Include="..\..\src\algorithms\OptFactory.h" />
    <ClInclude Include="..\..\src\algorithms\StatFactory.h" />
    <ClInclude Include="..\..\src\algorithms\svm.h" />
    <ClInclude Include="..\..\src\algorithms\ConfusionMatrix.h">
      <Filter>Header Files</Filter>
    </ClInclude>
    <ClInclude Include="..\..\src\algorithms\CostFactory.h" />
    <ClInclude Include="..\..\src\algorithms\CostFactorySVM.h" />
    <ClInclude Include="..\..\src\algorithms\Egcs.h" />
    <ClInclude Include="..\..\src\algorithms\FeatureSelector.h" />
    <ClInclude Include="..\..\src\algorithms\Filter.h" />
    <ClInclude Include="..\..\src\algorithms\Filter2d.h" />
    <ClInclude Include="..\..\src\algorithms\ImgRegression.h" />
    <ClInclude Include="..\..\src\algorithms\myfann_cpp.h" />
    <ClInclude Include="..\..\src\algorithms\OptFactory.h" />
    <ClInclude Include="..\..\src\algorithms\StatFactory.h" />
    <ClInclude Include="..\..\src\algorithms\svm.h" />
  </ItemGroup>
  <ItemGroup>
    <ClCompile Include="..\..\src\algorithms\*.cc">
      <Filter>Source Files</Filter>
    </ClCompile>
    <ClCompile Include="..\..\src\algorithms\*.cpp">
      <Filter>Source Files</Filter>
    </ClCompile>
    <ClCompile Include="..\..\src\algorithms\ConfusionMatrix.cc">
      <Filter>Source Files</Filter>
    </ClCompile>
    <ClCompile Include="..\..\src\algorithms\CostFactorySVM.cc" />
    <ClCompile Include="..\..\src\algorithms\Egcs.cc" />
    <ClCompile Include="..\..\src\algorithms\Filter.cc" />
    <ClCompile Include="..\..\src\algorithms\Filter2d.cc" />
    <ClCompile Include="..\..\src\algorithms\ImgRegression.cc" />
    <ClCompile Include="..\..\src\algorithms\ConfusionMatrix.cc">
      <Filter>Source Files</Filter>
    </ClCompile>
    <ClCompile Include="..\..\src\algorithms\CostFactorySVM.cc" />
    <ClCompile Include="..\..\src\algorithms\Egcs.cc" />
    <ClCompile Include="..\..\src\algorithms\Filter.cc" />
    <ClCompile Include="..\..\src\algorithms\Filter2d.cc" />
    <ClCompile Include="..\..\src\algorithms\ImgRegression.cc" />
    <ClCompile Include="..\..\src\algorithms\ConfusionMatrix.cc">
      <Filter>Source Files</Filter>
    </ClCompile>
    <ClCompile Include="..\..\src\algorithms\CostFactorySVM.cc" />
    <ClCompile Include="..\..\src\algorithms\Egcs.cc" />
    <ClCompile Include="..\..\src\algorithms\Filter.cc" />
    <ClCompile Include="..\..\src\algorithms\Filter2d.cc" />
    <ClCompile Include="..\..\src\algorithms\ImgRegression.cc" />
    <ClCompile Include="..\..\src\algorithms\ConfusionMatrix.cc">
      <Filter>Source Files</Filter>
    </ClCompile>
    <ClCompile Include="..\..\src\algorithms\CostFactorySVM.cc" />
    <ClCompile Include="..\..\src\algorithms\Egcs.cc" />
    <ClCompile Include="..\..\src\algorithms\Filter.cc" />
    <ClCompile Include="..\..\src\algorithms\Filter2d.cc" />
    <ClCompile Include="..\..\src\algorithms\ImgRegression.cc" />
    <ClCompile Include="..\..\src\algorithms\ConfusionMatrix.cc">
      <Filter>Source Files</Filter>
    </ClCompile>
    <ClCompile Include="..\..\src\algorithms\CostFactorySVM.cc" />
    <ClCompile Include="..\..\src\algorithms\Egcs.cc" />
    <ClCompile Include="..\..\src\algorithms\Filter.cc" />
    <ClCompile Include="..\..\src\algorithms\Filter2d.cc" />
    <ClCompile Include="..\..\src\algorithms\ImgRegression.cc" />
    <ClCompile Include="..\..\src\algorithms\ConfusionMatrix.cc">
      <Filter>Source Files</Filter>
    </ClCompile>
    <ClCompile Include="..\..\src\algorithms\CostFactorySVM.cc" />
    <ClCompile Include="..\..\src\algorithms\Egcs.cc" />
    <ClCompile Include="..\..\src\algorithms\Filter.cc" />
    <ClCompile Include="..\..\src\algorithms\Filter2d.cc" />
    <ClCompile Include="..\..\src\algorithms\ImgRegression.cc" />
    <ClCompile Include="..\..\src\algorithms\ConfusionMatrix.cc">
      <Filter>Source Files</Filter>
    </ClCompile>
    <ClCompile Include="..\..\src\algorithms\CostFactorySVM.cc" />
    <ClCompile Include="..\..\src\algorithms\Egcs.cc" />
    <ClCompile Include="..\..\src\algorithms\Filter.cc" />
    <ClCompile Include="..\..\src\algorithms\Filter2d.cc" />
    <ClCompile Include="..\..\src\algorithms\ImgRegression.cc" />
    <ClCompile Include="..\..\src\algorithms\ConfusionMatrix.cc">
      <Filter>Source Files</Filter>
    </ClCompile>
    <ClCompile Include="..\..\src\algorithms\CostFactorySVM.cc" />
    <ClCompile Include="..\..\src\algorithms\Egcs.cc" />
    <ClCompile Include="..\..\src\algorithms\Filter.cc" />
    <ClCompile Include="..\..\src\algorithms\Filter2d.cc" />
    <ClCompile Include="..\..\src\algorithms\ImgRegression.cc" />
    <ClCompile Include="..\..\src\algorithms\ConfusionMatrix.cc">
      <Filter>Source Files</Filter>
    </ClCompile>
    <ClCompile Include="..\..\src\algorithms\CostFactorySVM.cc" />
    <ClCompile Include="..\..\src\algorithms\Egcs.cc" />
    <ClCompile Include="..\..\src\algorithms\Filter.cc" />
    <ClCompile Include="..\..\src\algorithms\Filter2d.cc" />
    <ClCompile Include="..\..\src\algorithms\ImgRegression.cc" />
  </ItemGroup>
</Project>